// !$*UTF8*$!
{
	archiveVersion = 1;
	classes = {
	};
	objectVersion = 46;
	objects = {

/* Begin PBXBuildFile section */
		1AC3624916D4A1E8000847F2 /* AppController.mm in Sources */ = {isa = PBXBuildFile; fileRef = 1AC3624316D4A1E8000847F2 /* AppController.mm */; };
		1AC3624B16D4A1E8000847F2 /* main.m in Sources */ = {isa = PBXBuildFile; fileRef = 1AC3624516D4A1E8000847F2 /* main.m */; };
		1AF4C2F417865DCB00122817 /* libbox2d iOS.a in Frameworks */ = {isa = PBXBuildFile; fileRef = 1AF4C2E317865D9500122817 /* libbox2d iOS.a */; };
		1AF4C2F517865DCB00122817 /* libchipmunk iOS.a in Frameworks */ = {isa = PBXBuildFile; fileRef = 1AF4C2E117865D9500122817 /* libchipmunk iOS.a */; };
		1AF4C2F617865DCB00122817 /* libcocos2dx iOS.a in Frameworks */ = {isa = PBXBuildFile; fileRef = 1AF4C2DD17865D9500122817 /* libcocos2dx iOS.a */; };
		1AF4C2F717865DCB00122817 /* libcocos2dx-extensions iOS.a in Frameworks */ = {isa = PBXBuildFile; fileRef = 1AF4C2DF17865D9500122817 /* libcocos2dx-extensions iOS.a */; };
		1AF4C2F817865DCB00122817 /* libCocosDenshion iOS.a in Frameworks */ = {isa = PBXBuildFile; fileRef = 1AF4C2E517865D9500122817 /* libCocosDenshion iOS.a */; };
		1AFAF8B716D35DE700DB1158 /* AppDelegate.cpp in Sources */ = {isa = PBXBuildFile; fileRef = 1AFAF8B316D35DE700DB1158 /* AppDelegate.cpp */; };
		1AFAF8B816D35DE700DB1158 /* HelloWorldScene.cpp in Sources */ = {isa = PBXBuildFile; fileRef = 1AFAF8B516D35DE700DB1158 /* HelloWorldScene.cpp */; };
		1AFCDA8216D4A25900906EA6 /* RootViewController.mm in Sources */ = {isa = PBXBuildFile; fileRef = 1AFCDA8116D4A25900906EA6 /* RootViewController.mm */; };
		1D60589F0D05DD5A006BFB54 /* Foundation.framework in Frameworks */ = {isa = PBXBuildFile; fileRef = 1D30AB110D05D00D00671497 /* Foundation.framework */; };
		1DF5F4E00D08C38300B7A737 /* UIKit.framework in Frameworks */ = {isa = PBXBuildFile; fileRef = 1DF5F4DF0D08C38300B7A737 /* UIKit.framework */; };
		288765A50DF7441C002DB57D /* CoreGraphics.framework in Frameworks */ = {isa = PBXBuildFile; fileRef = 288765A40DF7441C002DB57D /* CoreGraphics.framework */; };
		452F610917C85FAF00A6191A /* fonts in Resources */ = {isa = PBXBuildFile; fileRef = 452F610417C85FAF00A6191A /* fonts */; };
		452F610A17C85FAF00A6191A /* ipad in Resources */ = {isa = PBXBuildFile; fileRef = 452F610517C85FAF00A6191A /* ipad */; };
		452F610B17C85FAF00A6191A /* ipadhd in Resources */ = {isa = PBXBuildFile; fileRef = 452F610617C85FAF00A6191A /* ipadhd */; };
		452F610C17C85FAF00A6191A /* iphone in Resources */ = {isa = PBXBuildFile; fileRef = 452F610717C85FAF00A6191A /* iphone */; };
		452F610D17C85FAF00A6191A /* sound in Resources */ = {isa = PBXBuildFile; fileRef = 452F610817C85FAF00A6191A /* sound */; };
		452F614F17C8600D00A6191A /* Background.cpp in Sources */ = {isa = PBXBuildFile; fileRef = 452F611A17C8600D00A6191A /* Background.cpp */; };
		452F615017C8600D00A6191A /* DiveFeet.cpp in Sources */ = {isa = PBXBuildFile; fileRef = 452F611C17C8600D00A6191A /* DiveFeet.cpp */; };
		452F615117C8600D00A6191A /* Diver.cpp in Sources */ = {isa = PBXBuildFile; fileRef = 452F611E17C8600D00A6191A /* Diver.cpp */; };
		452F615217C8600D00A6191A /* Dolphin.cpp in Sources */ = {isa = PBXBuildFile; fileRef = 452F612017C8600D00A6191A /* Dolphin.cpp */; };
		452F615317C8600D00A6191A /* EndGameScene.cpp in Sources */ = {isa = PBXBuildFile; fileRef = 452F612217C8600D00A6191A /* EndGameScene.cpp */; };
		452F615417C8600D00A6191A /* Fever.cpp in Sources */ = {isa = PBXBuildFile; fileRef = 452F612417C8600D00A6191A /* Fever.cpp */; };
		452F615517C8600D00A6191A /* MainGameBase.cpp in Sources */ = {isa = PBXBuildFile; fileRef = 452F612717C8600D00A6191A /* MainGameBase.cpp */; };
		452F615617C8600D00A6191A /* MainGameData.cpp in Sources */ = {isa = PBXBuildFile; fileRef = 452F612917C8600D00A6191A /* MainGameData.cpp */; };
		452F615717C8600D00A6191A /* MainGameScene.cpp in Sources */ = {isa = PBXBuildFile; fileRef = 452F612B17C8600D00A6191A /* MainGameScene.cpp */; };
		452F615817C8600D00A6191A /* MainGameScene2.cpp in Sources */ = {isa = PBXBuildFile; fileRef = 452F612D17C8600D00A6191A /* MainGameScene2.cpp */; };
		452F615917C8600D00A6191A /* MainGameScene3.cpp in Sources */ = {isa = PBXBuildFile; fileRef = 452F612F17C8600D00A6191A /* MainGameScene3.cpp */; };
		452F615A17C8600D00A6191A /* MainGameScene4.cpp in Sources */ = {isa = PBXBuildFile; fileRef = 452F613117C8600D00A6191A /* MainGameScene4.cpp */; };
		452F615B17C8600D00A6191A /* MainGameScene5.cpp in Sources */ = {isa = PBXBuildFile; fileRef = 452F613317C8600D00A6191A /* MainGameScene5.cpp */; };
		452F615C17C8600D00A6191A /* MainTitleScene.cpp in Sources */ = {isa = PBXBuildFile; fileRef = 452F613517C8600D00A6191A /* MainTitleScene.cpp */; };
		452F615D17C8600D00A6191A /* MarineLife.cpp in Sources */ = {isa = PBXBuildFile; fileRef = 452F613717C8600D00A6191A /* MarineLife.cpp */; };
		452F615E17C8600D00A6191A /* MenuLabel.cpp in Sources */ = {isa = PBXBuildFile; fileRef = 452F613917C8600D00A6191A /* MenuLabel.cpp */; };
		452F615F17C8600D00A6191A /* ProgressBar.cpp in Sources */ = {isa = PBXBuildFile; fileRef = 452F613B17C8600D00A6191A /* ProgressBar.cpp */; };
		452F616017C8600D00A6191A /* Score.cpp in Sources */ = {isa = PBXBuildFile; fileRef = 452F613E17C8600D00A6191A /* Score.cpp */; };
		452F616117C8600D00A6191A /* Seahorse.cpp in Sources */ = {isa = PBXBuildFile; fileRef = 452F614017C8600D00A6191A /* Seahorse.cpp */; };
		452F616217C8600D00A6191A /* Sound.cpp in Sources */ = {isa = PBXBuildFile; fileRef = 452F614217C8600D00A6191A /* Sound.cpp */; };
		452F616317C8600D00A6191A /* SpriteRepeater.cpp in Sources */ = {isa = PBXBuildFile; fileRef = 452F614417C8600D00A6191A /* SpriteRepeater.cpp */; };
		452F616417C8600D00A6191A /* Squid.cpp in Sources */ = {isa = PBXBuildFile; fileRef = 452F614617C8600D00A6191A /* Squid.cpp */; };
		452F616517C8600D00A6191A /* Starfish.cpp in Sources */ = {isa = PBXBuildFile; fileRef = 452F614817C8600D00A6191A /* Starfish.cpp */; };
		452F616617C8600D00A6191A /* Turtle.cpp in Sources */ = {isa = PBXBuildFile; fileRef = 452F614B17C8600D00A6191A /* Turtle.cpp */; };
		452F616717C8600D00A6191A /* UtilFunc.cpp in Sources */ = {isa = PBXBuildFile; fileRef = 452F614D17C8600D00A6191A /* UtilFunc.cpp */; };
		4534B6B017D05B2000182504 /* particles in Resources */ = {isa = PBXBuildFile; fileRef = 4534B6AF17D05B2000182504 /* particles */; };
		4534B6D617D05B7A00182504 /* Brain.cpp in Sources */ = {isa = PBXBuildFile; fileRef = 4534B6BE17D05B7A00182504 /* Brain.cpp */; };
		4534B6D717D05B7A00182504 /* Jellyfish.cpp in Sources */ = {isa = PBXBuildFile; fileRef = 4534B6C017D05B7A00182504 /* Jellyfish.cpp */; };
		4534B6D817D05B7A00182504 /* MainGameScene6.cpp in Sources */ = {isa = PBXBuildFile; fileRef = 4534B6C217D05B7A00182504 /* MainGameScene6.cpp */; };
		4534B6D917D05B7A00182504 /* MainGameScene7.cpp in Sources */ = {isa = PBXBuildFile; fileRef = 4534B6C417D05B7A00182504 /* MainGameScene7.cpp */; };
		4534B6DA17D05B7A00182504 /* MainGameScene8.cpp in Sources */ = {isa = PBXBuildFile; fileRef = 4534B6C617D05B7A00182504 /* MainGameScene8.cpp */; };
		4534B6DB17D05B7A00182504 /* MainGameScene9.cpp in Sources */ = {isa = PBXBuildFile; fileRef = 4534B6C817D05B7A00182504 /* MainGameScene9.cpp */; };
		4534B6DC17D05B7A00182504 /* MainGameScene10.cpp in Sources */ = {isa = PBXBuildFile; fileRef = 4534B6CA17D05B7A00182504 /* MainGameScene10.cpp */; };
		4534B6DD17D05B7A00182504 /* Mermaid.cpp in Sources */ = {isa = PBXBuildFile; fileRef = 4534B6CC17D05B7A00182504 /* Mermaid.cpp */; };
		4534B6DE17D05B7A00182504 /* Orca.cpp in Sources */ = {isa = PBXBuildFile; fileRef = 4534B6CE17D05B7A00182504 /* Orca.cpp */; };
		4534B6DF17D05B7A00182504 /* Particle.cpp in Sources */ = {isa = PBXBuildFile; fileRef = 4534B6D017D05B7A00182504 /* Particle.cpp */; };
		4534B6E017D05B7A00182504 /* ray.cpp in Sources */ = {isa = PBXBuildFile; fileRef = 4534B6D217D05B7A00182504 /* ray.cpp */; };
		4534B6E117D05B7A00182504 /* ScoreRecord.cpp in Sources */ = {isa = PBXBuildFile; fileRef = 4534B6D417D05B7A00182504 /* ScoreRecord.cpp */; };
		4534B6EE17D06B7700182504 /* Default@2x~ipad.png in Resources */ = {isa = PBXBuildFile; fileRef = 4534B6EA17D06B7700182504 /* Default@2x~ipad.png */; };
		4534B6EF17D06B7700182504 /* Default@2x~iphone.png in Resources */ = {isa = PBXBuildFile; fileRef = 4534B6EB17D06B7700182504 /* Default@2x~iphone.png */; };
		4534B6F017D06B7700182504 /* Default~ipad.png in Resources */ = {isa = PBXBuildFile; fileRef = 4534B6EC17D06B7700182504 /* Default~ipad.png */; };
		4534B6F117D06B7700182504 /* Default~iphone.png in Resources */ = {isa = PBXBuildFile; fileRef = 4534B6ED17D06B7700182504 /* Default~iphone.png */; };
		456505CF17FAC485007BB598 /* AdmobJNI.cpp in Sources */ = {isa = PBXBuildFile; fileRef = 456505CD17FAC485007BB598 /* AdmobJNI.cpp */; };
		456505DC17FAC4EF007BB598 /* MessageUI.framework in Frameworks */ = {isa = PBXBuildFile; fileRef = 456505DB17FAC4EF007BB598 /* MessageUI.framework */; };
		456505DE17FAC515007BB598 /* SystemConfiguration.framework in Frameworks */ = {isa = PBXBuildFile; fileRef = 456505DD17FAC515007BB598 /* SystemConfiguration.framework */; };
		456505E017FAC524007BB598 /* AdSupport.framework in Frameworks */ = {isa = PBXBuildFile; fileRef = 456505DF17FAC524007BB598 /* AdSupport.framework */; };
		456505E217FAC52D007BB598 /* StoreKit.framework in Frameworks */ = {isa = PBXBuildFile; fileRef = 456505E117FAC52D007BB598 /* StoreKit.framework */; };
		4565060317FAF3D6007BB598 /* AdmobJNI.h in Sources */ = {isa = PBXBuildFile; fileRef = 456505CE17FAC485007BB598 /* AdmobJNI.h */; };
		458FAC1617FAF8CE009E7FF0 /* GADAdMobExtras.h in Sources */ = {isa = PBXBuildFile; fileRef = 458FAC0B17FAF870009E7FF0 /* GADAdMobExtras.h */; };
		458FAC1717FAF8CE009E7FF0 /* GADAdNetworkExtras.h in Sources */ = {isa = PBXBuildFile; fileRef = 458FAC0C17FAF870009E7FF0 /* GADAdNetworkExtras.h */; };
		458FAC1817FAF8CE009E7FF0 /* GADAdSize.h in Sources */ = {isa = PBXBuildFile; fileRef = 458FAC0D17FAF870009E7FF0 /* GADAdSize.h */; };
		458FAC1917FAF8CE009E7FF0 /* GADBannerView.h in Sources */ = {isa = PBXBuildFile; fileRef = 458FAC0E17FAF870009E7FF0 /* GADBannerView.h */; };
		458FAC1A17FAF8CE009E7FF0 /* GADBannerViewDelegate.h in Sources */ = {isa = PBXBuildFile; fileRef = 458FAC0F17FAF870009E7FF0 /* GADBannerViewDelegate.h */; };
		458FAC1B17FAF8CE009E7FF0 /* GADInterstitial.h in Sources */ = {isa = PBXBuildFile; fileRef = 458FAC1017FAF870009E7FF0 /* GADInterstitial.h */; };
		458FAC1C17FAF8CE009E7FF0 /* GADInterstitialDelegate.h in Sources */ = {isa = PBXBuildFile; fileRef = 458FAC1117FAF870009E7FF0 /* GADInterstitialDelegate.h */; };
		458FAC1D17FAF8CE009E7FF0 /* GADRequest.h in Sources */ = {isa = PBXBuildFile; fileRef = 458FAC1217FAF870009E7FF0 /* GADRequest.h */; };
		458FAC1E17FAF8CE009E7FF0 /* GADRequestError.h in Sources */ = {isa = PBXBuildFile; fileRef = 458FAC1317FAF870009E7FF0 /* GADRequestError.h */; };
		458FAC1F17FAF963009E7FF0 /* libGoogleAdMobAds.a in Frameworks */ = {isa = PBXBuildFile; fileRef = 458FAC1417FAF870009E7FF0 /* libGoogleAdMobAds.a */; };
		45F3BB8717D0DA1100EB40A0 /* iphone3 in Resources */ = {isa = PBXBuildFile; fileRef = 45F3BB8617D0DA1100EB40A0 /* iphone3 */; };
		45F3BB9417D0DA4B00EB40A0 /* iphone5 in Resources */ = {isa = PBXBuildFile; fileRef = 45F3BB9317D0DA4B00EB40A0 /* iphone5 */; };
		BF171245129291EC00B8313A /* OpenGLES.framework in Frameworks */ = {isa = PBXBuildFile; fileRef = BF170DB012928DE900B8313A /* OpenGLES.framework */; };
		BF1712471292920000B8313A /* libz.dylib in Frameworks */ = {isa = PBXBuildFile; fileRef = BF170DB412928DE900B8313A /* libz.dylib */; };
		BF1C47F01293687400B63C5D /* QuartzCore.framework in Frameworks */ = {isa = PBXBuildFile; fileRef = BF1C47EA1293683800B63C5D /* QuartzCore.framework */; };
		D41A0AD1160F154A004552AE /* Default-568h@2x.png in Resources */ = {isa = PBXBuildFile; fileRef = D41A0AD0160F154A004552AE /* Default-568h@2x.png */; };
		D44C620C132DFF330009C878 /* OpenAL.framework in Frameworks */ = {isa = PBXBuildFile; fileRef = D44C620B132DFF330009C878 /* OpenAL.framework */; };
		D44C620E132DFF430009C878 /* AVFoundation.framework in Frameworks */ = {isa = PBXBuildFile; fileRef = D44C620D132DFF430009C878 /* AVFoundation.framework */; };
		D44C6210132DFF4E0009C878 /* AudioToolbox.framework in Frameworks */ = {isa = PBXBuildFile; fileRef = D44C620F132DFF4E0009C878 /* AudioToolbox.framework */; };
		D4EF949A15BD2D8B00D803EB /* Icon.png in Resources */ = {isa = PBXBuildFile; fileRef = D4EF949915BD2D8B00D803EB /* Icon.png */; };
		D4EF949C15BD2D8E00D803EB /* Icon@2x.png in Resources */ = {isa = PBXBuildFile; fileRef = D4EF949B15BD2D8E00D803EB /* Icon@2x.png */; };
		D4EF949E15BD2D9600D803EB /* Icon-72.png in Resources */ = {isa = PBXBuildFile; fileRef = D4EF949D15BD2D9600D803EB /* Icon-72.png */; };
		D4EF94A015BD2D9800D803EB /* Icon-72@2x.png in Resources */ = {isa = PBXBuildFile; fileRef = D4EF949F15BD2D9800D803EB /* Icon-72@2x.png */; };
/* End PBXBuildFile section */

/* Begin PBXContainerItemProxy section */
		1AF4C2CE17865D9500122817 /* PBXContainerItemProxy */ = {
			isa = PBXContainerItemProxy;
			containerPortal = 1AF4C2BB17865D9500122817 /* cocos2d_libs.xcodeproj */;
			proxyType = 2;
			remoteGlobalIDString = 1551A33F158F2AB200E66CFE;
			remoteInfo = "cocos2dx Mac";
		};
		1AF4C2D017865D9500122817 /* PBXContainerItemProxy */ = {
			isa = PBXContainerItemProxy;
			containerPortal = 1AF4C2BB17865D9500122817 /* cocos2d_libs.xcodeproj */;
			proxyType = 2;
			remoteGlobalIDString = A03F2FD617814595006731B9;
			remoteInfo = "cocos2dx-extensions Mac";
		};
		1AF4C2D217865D9500122817 /* PBXContainerItemProxy */ = {
			isa = PBXContainerItemProxy;
			containerPortal = 1AF4C2BB17865D9500122817 /* cocos2d_libs.xcodeproj */;
			proxyType = 2;
			remoteGlobalIDString = A03F2CB81780BD04006731B9;
			remoteInfo = "chipmunk Mac";
		};
		1AF4C2D417865D9500122817 /* PBXContainerItemProxy */ = {
			isa = PBXContainerItemProxy;
			containerPortal = 1AF4C2BB17865D9500122817 /* cocos2d_libs.xcodeproj */;
			proxyType = 2;
			remoteGlobalIDString = A03F2D9B1780BDF7006731B9;
			remoteInfo = "box2d Mac";
		};
		1AF4C2D617865D9500122817 /* PBXContainerItemProxy */ = {
			isa = PBXContainerItemProxy;
			containerPortal = 1AF4C2BB17865D9500122817 /* cocos2d_libs.xcodeproj */;
			proxyType = 2;
			remoteGlobalIDString = A03F2ED617814268006731B9;
			remoteInfo = "CocosDenshion Mac";
		};
		1AF4C2D817865D9500122817 /* PBXContainerItemProxy */ = {
			isa = PBXContainerItemProxy;
			containerPortal = 1AF4C2BB17865D9500122817 /* cocos2d_libs.xcodeproj */;
			proxyType = 2;
			remoteGlobalIDString = A03F31FD1781479B006731B9;
			remoteInfo = "jsbindings Mac";
		};
		1AF4C2DA17865D9500122817 /* PBXContainerItemProxy */ = {
			isa = PBXContainerItemProxy;
			containerPortal = 1AF4C2BB17865D9500122817 /* cocos2d_libs.xcodeproj */;
			proxyType = 2;
			remoteGlobalIDString = 1A6FB53017854BC300CDF010;
			remoteInfo = "luabindings Mac";
		};
		1AF4C2DC17865D9500122817 /* PBXContainerItemProxy */ = {
			isa = PBXContainerItemProxy;
			containerPortal = 1AF4C2BB17865D9500122817 /* cocos2d_libs.xcodeproj */;
			proxyType = 2;
			remoteGlobalIDString = A07A4D641783777C0073F6A7;
			remoteInfo = "cocos2dx iOS";
		};
		1AF4C2DE17865D9500122817 /* PBXContainerItemProxy */ = {
			isa = PBXContainerItemProxy;
			containerPortal = 1AF4C2BB17865D9500122817 /* cocos2d_libs.xcodeproj */;
			proxyType = 2;
			remoteGlobalIDString = A07A4EFC1783867C0073F6A7;
			remoteInfo = "cocos2dx-extensions iOS";
		};
		1AF4C2E017865D9500122817 /* PBXContainerItemProxy */ = {
			isa = PBXContainerItemProxy;
			containerPortal = 1AF4C2BB17865D9500122817 /* cocos2d_libs.xcodeproj */;
			proxyType = 2;
			remoteGlobalIDString = A07A4F3B178387670073F6A7;
			remoteInfo = "chipmunk iOS";
		};
		1AF4C2E217865D9500122817 /* PBXContainerItemProxy */ = {
			isa = PBXContainerItemProxy;
			containerPortal = 1AF4C2BB17865D9500122817 /* cocos2d_libs.xcodeproj */;
			proxyType = 2;
			remoteGlobalIDString = A07A4F9E1783876B0073F6A7;
			remoteInfo = "box2d iOS";
		};
		1AF4C2E417865D9500122817 /* PBXContainerItemProxy */ = {
			isa = PBXContainerItemProxy;
			containerPortal = 1AF4C2BB17865D9500122817 /* cocos2d_libs.xcodeproj */;
			proxyType = 2;
			remoteGlobalIDString = A07A4FB4178387730073F6A7;
			remoteInfo = "CocosDenshion iOS";
		};
		1AF4C2E617865D9500122817 /* PBXContainerItemProxy */ = {
			isa = PBXContainerItemProxy;
			containerPortal = 1AF4C2BB17865D9500122817 /* cocos2d_libs.xcodeproj */;
			proxyType = 2;
			remoteGlobalIDString = A07A5030178387750073F6A7;
			remoteInfo = "jsbindings iOS";
		};
		1AF4C2E817865D9500122817 /* PBXContainerItemProxy */ = {
			isa = PBXContainerItemProxy;
			containerPortal = 1AF4C2BB17865D9500122817 /* cocos2d_libs.xcodeproj */;
			proxyType = 2;
			remoteGlobalIDString = 1A119791178526AA00D62A44;
			remoteInfo = "luabindings iOS";
		};
		1AF4C2EA17865DB400122817 /* PBXContainerItemProxy */ = {
			isa = PBXContainerItemProxy;
			containerPortal = 1AF4C2BB17865D9500122817 /* cocos2d_libs.xcodeproj */;
			proxyType = 1;
			remoteGlobalIDString = A07A4C241783777C0073F6A7;
			remoteInfo = "cocos2dx iOS";
		};
		1AF4C2EC17865DB400122817 /* PBXContainerItemProxy */ = {
			isa = PBXContainerItemProxy;
			containerPortal = 1AF4C2BB17865D9500122817 /* cocos2d_libs.xcodeproj */;
			proxyType = 1;
			remoteGlobalIDString = A07A4E111783867C0073F6A7;
			remoteInfo = "cocos2dx-extensions iOS";
		};
		1AF4C2EE17865DB400122817 /* PBXContainerItemProxy */ = {
			isa = PBXContainerItemProxy;
			containerPortal = 1AF4C2BB17865D9500122817 /* cocos2d_libs.xcodeproj */;
			proxyType = 1;
			remoteGlobalIDString = A07A4EFD178387670073F6A7;
			remoteInfo = "chipmunk iOS";
		};
		1AF4C2F017865DB400122817 /* PBXContainerItemProxy */ = {
			isa = PBXContainerItemProxy;
			containerPortal = 1AF4C2BB17865D9500122817 /* cocos2d_libs.xcodeproj */;
			proxyType = 1;
			remoteGlobalIDString = A07A4F3C1783876B0073F6A7;
			remoteInfo = "box2d iOS";
		};
		1AF4C2F217865DB400122817 /* PBXContainerItemProxy */ = {
			isa = PBXContainerItemProxy;
			containerPortal = 1AF4C2BB17865D9500122817 /* cocos2d_libs.xcodeproj */;
			proxyType = 1;
			remoteGlobalIDString = A07A4F9F178387730073F6A7;
			remoteInfo = "CocosDenshion iOS";
		};
/* End PBXContainerItemProxy section */

/* Begin PBXFileReference section */
		1AC3624216D4A1E8000847F2 /* AppController.h */ = {isa = PBXFileReference; fileEncoding = 4; lastKnownFileType = sourcecode.c.h; path = AppController.h; sourceTree = SOURCE_ROOT; };
		1AC3624316D4A1E8000847F2 /* AppController.mm */ = {isa = PBXFileReference; fileEncoding = 4; lastKnownFileType = sourcecode.cpp.objcpp; path = AppController.mm; sourceTree = SOURCE_ROOT; };
		1AC3624516D4A1E8000847F2 /* main.m */ = {isa = PBXFileReference; fileEncoding = 4; lastKnownFileType = sourcecode.c.objc; path = main.m; sourceTree = SOURCE_ROOT; };
		1AC3624616D4A1E8000847F2 /* Prefix.pch */ = {isa = PBXFileReference; fileEncoding = 4; lastKnownFileType = sourcecode.c.h; path = Prefix.pch; sourceTree = SOURCE_ROOT; };
		1AF4C2BB17865D9500122817 /* cocos2d_libs.xcodeproj */ = {isa = PBXFileReference; lastKnownFileType = "wrapper.pb-project"; name = cocos2d_libs.xcodeproj; path = ../../../cocos2d_libs.xcodeproj; sourceTree = "<group>"; };
		1AFAF8B316D35DE700DB1158 /* AppDelegate.cpp */ = {isa = PBXFileReference; fileEncoding = 4; lastKnownFileType = sourcecode.cpp.cpp; name = AppDelegate.cpp; path = ../Classes/AppDelegate.cpp; sourceTree = "<group>"; };
		1AFAF8B416D35DE700DB1158 /* AppDelegate.h */ = {isa = PBXFileReference; fileEncoding = 4; lastKnownFileType = sourcecode.c.h; name = AppDelegate.h; path = ../Classes/AppDelegate.h; sourceTree = "<group>"; };
		1AFAF8B516D35DE700DB1158 /* HelloWorldScene.cpp */ = {isa = PBXFileReference; fileEncoding = 4; lastKnownFileType = sourcecode.cpp.cpp; name = HelloWorldScene.cpp; path = ../Classes/HelloWorldScene.cpp; sourceTree = "<group>"; };
		1AFAF8B616D35DE700DB1158 /* HelloWorldScene.h */ = {isa = PBXFileReference; fileEncoding = 4; lastKnownFileType = sourcecode.c.h; name = HelloWorldScene.h; path = ../Classes/HelloWorldScene.h; sourceTree = "<group>"; };
		1AFCDA8016D4A25900906EA6 /* RootViewController.h */ = {isa = PBXFileReference; fileEncoding = 4; lastKnownFileType = sourcecode.c.h; path = RootViewController.h; sourceTree = SOURCE_ROOT; };
		1AFCDA8116D4A25900906EA6 /* RootViewController.mm */ = {isa = PBXFileReference; fileEncoding = 4; lastKnownFileType = sourcecode.cpp.objcpp; path = RootViewController.mm; sourceTree = SOURCE_ROOT; };
		1D30AB110D05D00D00671497 /* Foundation.framework */ = {isa = PBXFileReference; lastKnownFileType = wrapper.framework; name = Foundation.framework; path = System/Library/Frameworks/Foundation.framework; sourceTree = SDKROOT; };
		1D6058910D05DD3D006BFB54 /* Grandblue.app */ = {isa = PBXFileReference; explicitFileType = wrapper.application; includeInIndex = 0; path = Grandblue.app; sourceTree = BUILT_PRODUCTS_DIR; };
		1DF5F4DF0D08C38300B7A737 /* UIKit.framework */ = {isa = PBXFileReference; lastKnownFileType = wrapper.framework; name = UIKit.framework; path = System/Library/Frameworks/UIKit.framework; sourceTree = SDKROOT; };
		288765A40DF7441C002DB57D /* CoreGraphics.framework */ = {isa = PBXFileReference; lastKnownFileType = wrapper.framework; name = CoreGraphics.framework; path = System/Library/Frameworks/CoreGraphics.framework; sourceTree = SDKROOT; };
		452F610417C85FAF00A6191A /* fonts */ = {isa = PBXFileReference; lastKnownFileType = folder; path = fonts; sourceTree = "<group>"; };
		452F610517C85FAF00A6191A /* ipad */ = {isa = PBXFileReference; lastKnownFileType = folder; path = ipad; sourceTree = "<group>"; };
		452F610617C85FAF00A6191A /* ipadhd */ = {isa = PBXFileReference; lastKnownFileType = folder; path = ipadhd; sourceTree = "<group>"; };
		452F610717C85FAF00A6191A /* iphone */ = {isa = PBXFileReference; lastKnownFileType = folder; path = iphone; sourceTree = "<group>"; };
		452F610817C85FAF00A6191A /* sound */ = {isa = PBXFileReference; lastKnownFileType = folder; path = sound; sourceTree = "<group>"; };
		452F611917C8600D00A6191A /* AppMacros.h */ = {isa = PBXFileReference; fileEncoding = 4; lastKnownFileType = sourcecode.c.h; name = AppMacros.h; path = ../Classes/AppMacros.h; sourceTree = "<group>"; };
		452F611A17C8600D00A6191A /* Background.cpp */ = {isa = PBXFileReference; fileEncoding = 4; lastKnownFileType = sourcecode.cpp.cpp; name = Background.cpp; path = ../Classes/Background.cpp; sourceTree = "<group>"; };
		452F611B17C8600D00A6191A /* Background.h */ = {isa = PBXFileReference; fileEncoding = 4; lastKnownFileType = sourcecode.c.h; name = Background.h; path = ../Classes/Background.h; sourceTree = "<group>"; };
		452F611C17C8600D00A6191A /* DiveFeet.cpp */ = {isa = PBXFileReference; fileEncoding = 4; lastKnownFileType = sourcecode.cpp.cpp; name = DiveFeet.cpp; path = ../Classes/DiveFeet.cpp; sourceTree = "<group>"; };
		452F611D17C8600D00A6191A /* DiveFeet.h */ = {isa = PBXFileReference; fileEncoding = 4; lastKnownFileType = sourcecode.c.h; name = DiveFeet.h; path = ../Classes/DiveFeet.h; sourceTree = "<group>"; };
		452F611E17C8600D00A6191A /* Diver.cpp */ = {isa = PBXFileReference; fileEncoding = 4; lastKnownFileType = sourcecode.cpp.cpp; name = Diver.cpp; path = ../Classes/Diver.cpp; sourceTree = "<group>"; };
		452F611F17C8600D00A6191A /* Diver.h */ = {isa = PBXFileReference; fileEncoding = 4; lastKnownFileType = sourcecode.c.h; name = Diver.h; path = ../Classes/Diver.h; sourceTree = "<group>"; };
		452F612017C8600D00A6191A /* Dolphin.cpp */ = {isa = PBXFileReference; fileEncoding = 4; lastKnownFileType = sourcecode.cpp.cpp; name = Dolphin.cpp; path = ../Classes/Dolphin.cpp; sourceTree = "<group>"; };
		452F612117C8600D00A6191A /* Dolphin.h */ = {isa = PBXFileReference; fileEncoding = 4; lastKnownFileType = sourcecode.c.h; name = Dolphin.h; path = ../Classes/Dolphin.h; sourceTree = "<group>"; };
		452F612217C8600D00A6191A /* EndGameScene.cpp */ = {isa = PBXFileReference; fileEncoding = 4; lastKnownFileType = sourcecode.cpp.cpp; name = EndGameScene.cpp; path = ../Classes/EndGameScene.cpp; sourceTree = "<group>"; };
		452F612317C8600D00A6191A /* EndGameScene.h */ = {isa = PBXFileReference; fileEncoding = 4; lastKnownFileType = sourcecode.c.h; name = EndGameScene.h; path = ../Classes/EndGameScene.h; sourceTree = "<group>"; };
		452F612417C8600D00A6191A /* Fever.cpp */ = {isa = PBXFileReference; fileEncoding = 4; lastKnownFileType = sourcecode.cpp.cpp; name = Fever.cpp; path = ../Classes/Fever.cpp; sourceTree = "<group>"; };
		452F612517C8600D00A6191A /* Fever.h */ = {isa = PBXFileReference; fileEncoding = 4; lastKnownFileType = sourcecode.c.h; name = Fever.h; path = ../Classes/Fever.h; sourceTree = "<group>"; };
		452F612617C8600D00A6191A /* GrandBlueConfig.h */ = {isa = PBXFileReference; fileEncoding = 4; lastKnownFileType = sourcecode.c.h; name = GrandBlueConfig.h; path = ../Classes/GrandBlueConfig.h; sourceTree = "<group>"; };
		452F612717C8600D00A6191A /* MainGameBase.cpp */ = {isa = PBXFileReference; fileEncoding = 4; lastKnownFileType = sourcecode.cpp.cpp; name = MainGameBase.cpp; path = ../Classes/MainGameBase.cpp; sourceTree = "<group>"; };
		452F612817C8600D00A6191A /* MainGameBase.h */ = {isa = PBXFileReference; fileEncoding = 4; lastKnownFileType = sourcecode.c.h; name = MainGameBase.h; path = ../Classes/MainGameBase.h; sourceTree = "<group>"; };
		452F612917C8600D00A6191A /* MainGameData.cpp */ = {isa = PBXFileReference; fileEncoding = 4; lastKnownFileType = sourcecode.cpp.cpp; name = MainGameData.cpp; path = ../Classes/MainGameData.cpp; sourceTree = "<group>"; };
		452F612A17C8600D00A6191A /* MainGameData.h */ = {isa = PBXFileReference; fileEncoding = 4; lastKnownFileType = sourcecode.c.h; name = MainGameData.h; path = ../Classes/MainGameData.h; sourceTree = "<group>"; };
		452F612B17C8600D00A6191A /* MainGameScene.cpp */ = {isa = PBXFileReference; fileEncoding = 4; lastKnownFileType = sourcecode.cpp.cpp; name = MainGameScene.cpp; path = ../Classes/MainGameScene.cpp; sourceTree = "<group>"; };
		452F612C17C8600D00A6191A /* MainGameScene.h */ = {isa = PBXFileReference; fileEncoding = 4; lastKnownFileType = sourcecode.c.h; name = MainGameScene.h; path = ../Classes/MainGameScene.h; sourceTree = "<group>"; };
		452F612D17C8600D00A6191A /* MainGameScene2.cpp */ = {isa = PBXFileReference; fileEncoding = 4; lastKnownFileType = sourcecode.cpp.cpp; name = MainGameScene2.cpp; path = ../Classes/MainGameScene2.cpp; sourceTree = "<group>"; };
		452F612E17C8600D00A6191A /* MainGameScene2.h */ = {isa = PBXFileReference; fileEncoding = 4; lastKnownFileType = sourcecode.c.h; name = MainGameScene2.h; path = ../Classes/MainGameScene2.h; sourceTree = "<group>"; };
		452F612F17C8600D00A6191A /* MainGameScene3.cpp */ = {isa = PBXFileReference; fileEncoding = 4; lastKnownFileType = sourcecode.cpp.cpp; name = MainGameScene3.cpp; path = ../Classes/MainGameScene3.cpp; sourceTree = "<group>"; };
		452F613017C8600D00A6191A /* MainGameScene3.h */ = {isa = PBXFileReference; fileEncoding = 4; lastKnownFileType = sourcecode.c.h; name = MainGameScene3.h; path = ../Classes/MainGameScene3.h; sourceTree = "<group>"; };
		452F613117C8600D00A6191A /* MainGameScene4.cpp */ = {isa = PBXFileReference; fileEncoding = 4; lastKnownFileType = sourcecode.cpp.cpp; name = MainGameScene4.cpp; path = ../Classes/MainGameScene4.cpp; sourceTree = "<group>"; };
		452F613217C8600D00A6191A /* MainGameScene4.h */ = {isa = PBXFileReference; fileEncoding = 4; lastKnownFileType = sourcecode.c.h; name = MainGameScene4.h; path = ../Classes/MainGameScene4.h; sourceTree = "<group>"; };
		452F613317C8600D00A6191A /* MainGameScene5.cpp */ = {isa = PBXFileReference; fileEncoding = 4; lastKnownFileType = sourcecode.cpp.cpp; name = MainGameScene5.cpp; path = ../Classes/MainGameScene5.cpp; sourceTree = "<group>"; };
		452F613417C8600D00A6191A /* MainGameScene5.h */ = {isa = PBXFileReference; fileEncoding = 4; lastKnownFileType = sourcecode.c.h; name = MainGameScene5.h; path = ../Classes/MainGameScene5.h; sourceTree = "<group>"; };
		452F613517C8600D00A6191A /* MainTitleScene.cpp */ = {isa = PBXFileReference; fileEncoding = 4; lastKnownFileType = sourcecode.cpp.cpp; name = MainTitleScene.cpp; path = ../Classes/MainTitleScene.cpp; sourceTree = "<group>"; };
		452F613617C8600D00A6191A /* MainTitleScene.h */ = {isa = PBXFileReference; fileEncoding = 4; lastKnownFileType = sourcecode.c.h; name = MainTitleScene.h; path = ../Classes/MainTitleScene.h; sourceTree = "<group>"; };
		452F613717C8600D00A6191A /* MarineLife.cpp */ = {isa = PBXFileReference; fileEncoding = 4; lastKnownFileType = sourcecode.cpp.cpp; name = MarineLife.cpp; path = ../Classes/MarineLife.cpp; sourceTree = "<group>"; };
		452F613817C8600D00A6191A /* MarineLife.h */ = {isa = PBXFileReference; fileEncoding = 4; lastKnownFileType = sourcecode.c.h; name = MarineLife.h; path = ../Classes/MarineLife.h; sourceTree = "<group>"; };
		452F613917C8600D00A6191A /* MenuLabel.cpp */ = {isa = PBXFileReference; fileEncoding = 4; lastKnownFileType = sourcecode.cpp.cpp; name = MenuLabel.cpp; path = ../Classes/MenuLabel.cpp; sourceTree = "<group>"; };
		452F613A17C8600D00A6191A /* MenuLabel.h */ = {isa = PBXFileReference; fileEncoding = 4; lastKnownFileType = sourcecode.c.h; name = MenuLabel.h; path = ../Classes/MenuLabel.h; sourceTree = "<group>"; };
		452F613B17C8600D00A6191A /* ProgressBar.cpp */ = {isa = PBXFileReference; fileEncoding = 4; lastKnownFileType = sourcecode.cpp.cpp; name = ProgressBar.cpp; path = ../Classes/ProgressBar.cpp; sourceTree = "<group>"; };
		452F613C17C8600D00A6191A /* ProgressBar.h */ = {isa = PBXFileReference; fileEncoding = 4; lastKnownFileType = sourcecode.c.h; name = ProgressBar.h; path = ../Classes/ProgressBar.h; sourceTree = "<group>"; };
		452F613D17C8600D00A6191A /* Resource.h */ = {isa = PBXFileReference; fileEncoding = 4; lastKnownFileType = sourcecode.c.h; name = Resource.h; path = ../Classes/Resource.h; sourceTree = "<group>"; };
		452F613E17C8600D00A6191A /* Score.cpp */ = {isa = PBXFileReference; fileEncoding = 4; lastKnownFileType = sourcecode.cpp.cpp; name = Score.cpp; path = ../Classes/Score.cpp; sourceTree = "<group>"; };
		452F613F17C8600D00A6191A /* Score.h */ = {isa = PBXFileReference; fileEncoding = 4; lastKnownFileType = sourcecode.c.h; name = Score.h; path = ../Classes/Score.h; sourceTree = "<group>"; };
		452F614017C8600D00A6191A /* Seahorse.cpp */ = {isa = PBXFileReference; fileEncoding = 4; lastKnownFileType = sourcecode.cpp.cpp; name = Seahorse.cpp; path = ../Classes/Seahorse.cpp; sourceTree = "<group>"; };
		452F614117C8600D00A6191A /* Seahorse.h */ = {isa = PBXFileReference; fileEncoding = 4; lastKnownFileType = sourcecode.c.h; name = Seahorse.h; path = ../Classes/Seahorse.h; sourceTree = "<group>"; };
		452F614217C8600D00A6191A /* Sound.cpp */ = {isa = PBXFileReference; fileEncoding = 4; lastKnownFileType = sourcecode.cpp.cpp; name = Sound.cpp; path = ../Classes/Sound.cpp; sourceTree = "<group>"; };
		452F614317C8600D00A6191A /* Sound.h */ = {isa = PBXFileReference; fileEncoding = 4; lastKnownFileType = sourcecode.c.h; name = Sound.h; path = ../Classes/Sound.h; sourceTree = "<group>"; };
		452F614417C8600D00A6191A /* SpriteRepeater.cpp */ = {isa = PBXFileReference; fileEncoding = 4; lastKnownFileType = sourcecode.cpp.cpp; name = SpriteRepeater.cpp; path = ../Classes/SpriteRepeater.cpp; sourceTree = "<group>"; };
		452F614517C8600D00A6191A /* SpriteRepeater.h */ = {isa = PBXFileReference; fileEncoding = 4; lastKnownFileType = sourcecode.c.h; name = SpriteRepeater.h; path = ../Classes/SpriteRepeater.h; sourceTree = "<group>"; };
		452F614617C8600D00A6191A /* Squid.cpp */ = {isa = PBXFileReference; fileEncoding = 4; lastKnownFileType = sourcecode.cpp.cpp; name = Squid.cpp; path = ../Classes/Squid.cpp; sourceTree = "<group>"; };
		452F614717C8600D00A6191A /* Squid.h */ = {isa = PBXFileReference; fileEncoding = 4; lastKnownFileType = sourcecode.c.h; name = Squid.h; path = ../Classes/Squid.h; sourceTree = "<group>"; };
		452F614817C8600D00A6191A /* Starfish.cpp */ = {isa = PBXFileReference; fileEncoding = 4; lastKnownFileType = sourcecode.cpp.cpp; name = Starfish.cpp; path = ../Classes/Starfish.cpp; sourceTree = "<group>"; };
		452F614917C8600D00A6191A /* Starfish.h */ = {isa = PBXFileReference; fileEncoding = 4; lastKnownFileType = sourcecode.c.h; name = Starfish.h; path = ../Classes/Starfish.h; sourceTree = "<group>"; };
		452F614A17C8600D00A6191A /* Tags.h */ = {isa = PBXFileReference; fileEncoding = 4; lastKnownFileType = sourcecode.c.h; name = Tags.h; path = ../Classes/Tags.h; sourceTree = "<group>"; };
		452F614B17C8600D00A6191A /* Turtle.cpp */ = {isa = PBXFileReference; fileEncoding = 4; lastKnownFileType = sourcecode.cpp.cpp; name = Turtle.cpp; path = ../Classes/Turtle.cpp; sourceTree = "<group>"; };
		452F614C17C8600D00A6191A /* Turtle.h */ = {isa = PBXFileReference; fileEncoding = 4; lastKnownFileType = sourcecode.c.h; name = Turtle.h; path = ../Classes/Turtle.h; sourceTree = "<group>"; };
		452F614D17C8600D00A6191A /* UtilFunc.cpp */ = {isa = PBXFileReference; fileEncoding = 4; lastKnownFileType = sourcecode.cpp.cpp; name = UtilFunc.cpp; path = ../Classes/UtilFunc.cpp; sourceTree = "<group>"; };
		452F614E17C8600D00A6191A /* UtilFunc.h */ = {isa = PBXFileReference; fileEncoding = 4; lastKnownFileType = sourcecode.c.h; name = UtilFunc.h; path = ../Classes/UtilFunc.h; sourceTree = "<group>"; };
		4534B6AF17D05B2000182504 /* particles */ = {isa = PBXFileReference; lastKnownFileType = folder; path = particles; sourceTree = "<group>"; };
		4534B6BE17D05B7A00182504 /* Brain.cpp */ = {isa = PBXFileReference; fileEncoding = 4; lastKnownFileType = sourcecode.cpp.cpp; name = Brain.cpp; path = ../Classes/Brain.cpp; sourceTree = "<group>"; };
		4534B6BF17D05B7A00182504 /* Brain.h */ = {isa = PBXFileReference; fileEncoding = 4; lastKnownFileType = sourcecode.c.h; name = Brain.h; path = ../Classes/Brain.h; sourceTree = "<group>"; };
		4534B6C017D05B7A00182504 /* Jellyfish.cpp */ = {isa = PBXFileReference; fileEncoding = 4; lastKnownFileType = sourcecode.cpp.cpp; name = Jellyfish.cpp; path = ../Classes/Jellyfish.cpp; sourceTree = "<group>"; };
		4534B6C117D05B7A00182504 /* Jellyfish.h */ = {isa = PBXFileReference; fileEncoding = 4; lastKnownFileType = sourcecode.c.h; name = Jellyfish.h; path = ../Classes/Jellyfish.h; sourceTree = "<group>"; };
		4534B6C217D05B7A00182504 /* MainGameScene6.cpp */ = {isa = PBXFileReference; fileEncoding = 4; lastKnownFileType = sourcecode.cpp.cpp; name = MainGameScene6.cpp; path = ../Classes/MainGameScene6.cpp; sourceTree = "<group>"; };
		4534B6C317D05B7A00182504 /* MainGameScene6.h */ = {isa = PBXFileReference; fileEncoding = 4; lastKnownFileType = sourcecode.c.h; name = MainGameScene6.h; path = ../Classes/MainGameScene6.h; sourceTree = "<group>"; };
		4534B6C417D05B7A00182504 /* MainGameScene7.cpp */ = {isa = PBXFileReference; fileEncoding = 4; lastKnownFileType = sourcecode.cpp.cpp; name = MainGameScene7.cpp; path = ../Classes/MainGameScene7.cpp; sourceTree = "<group>"; };
		4534B6C517D05B7A00182504 /* MainGameScene7.h */ = {isa = PBXFileReference; fileEncoding = 4; lastKnownFileType = sourcecode.c.h; name = MainGameScene7.h; path = ../Classes/MainGameScene7.h; sourceTree = "<group>"; };
		4534B6C617D05B7A00182504 /* MainGameScene8.cpp */ = {isa = PBXFileReference; fileEncoding = 4; lastKnownFileType = sourcecode.cpp.cpp; name = MainGameScene8.cpp; path = ../Classes/MainGameScene8.cpp; sourceTree = "<group>"; };
		4534B6C717D05B7A00182504 /* MainGameScene8.h */ = {isa = PBXFileReference; fileEncoding = 4; lastKnownFileType = sourcecode.c.h; name = MainGameScene8.h; path = ../Classes/MainGameScene8.h; sourceTree = "<group>"; };
		4534B6C817D05B7A00182504 /* MainGameScene9.cpp */ = {isa = PBXFileReference; fileEncoding = 4; lastKnownFileType = sourcecode.cpp.cpp; name = MainGameScene9.cpp; path = ../Classes/MainGameScene9.cpp; sourceTree = "<group>"; };
		4534B6C917D05B7A00182504 /* MainGameScene9.h */ = {isa = PBXFileReference; fileEncoding = 4; lastKnownFileType = sourcecode.c.h; name = MainGameScene9.h; path = ../Classes/MainGameScene9.h; sourceTree = "<group>"; };
		4534B6CA17D05B7A00182504 /* MainGameScene10.cpp */ = {isa = PBXFileReference; fileEncoding = 4; lastKnownFileType = sourcecode.cpp.cpp; name = MainGameScene10.cpp; path = ../Classes/MainGameScene10.cpp; sourceTree = "<group>"; };
		4534B6CB17D05B7A00182504 /* MainGameScene10.h */ = {isa = PBXFileReference; fileEncoding = 4; lastKnownFileType = sourcecode.c.h; name = MainGameScene10.h; path = ../Classes/MainGameScene10.h; sourceTree = "<group>"; };
		4534B6CC17D05B7A00182504 /* Mermaid.cpp */ = {isa = PBXFileReference; fileEncoding = 4; lastKnownFileType = sourcecode.cpp.cpp; name = Mermaid.cpp; path = ../Classes/Mermaid.cpp; sourceTree = "<group>"; };
		4534B6CD17D05B7A00182504 /* Mermaid.h */ = {isa = PBXFileReference; fileEncoding = 4; lastKnownFileType = sourcecode.c.h; name = Mermaid.h; path = ../Classes/Mermaid.h; sourceTree = "<group>"; };
		4534B6CE17D05B7A00182504 /* Orca.cpp */ = {isa = PBXFileReference; fileEncoding = 4; lastKnownFileType = sourcecode.cpp.cpp; name = Orca.cpp; path = ../Classes/Orca.cpp; sourceTree = "<group>"; };
		4534B6CF17D05B7A00182504 /* Orca.h */ = {isa = PBXFileReference; fileEncoding = 4; lastKnownFileType = sourcecode.c.h; name = Orca.h; path = ../Classes/Orca.h; sourceTree = "<group>"; };
		4534B6D017D05B7A00182504 /* Particle.cpp */ = {isa = PBXFileReference; fileEncoding = 4; lastKnownFileType = sourcecode.cpp.cpp; name = Particle.cpp; path = ../Classes/Particle.cpp; sourceTree = "<group>"; };
		4534B6D117D05B7A00182504 /* Particle.h */ = {isa = PBXFileReference; fileEncoding = 4; lastKnownFileType = sourcecode.c.h; name = Particle.h; path = ../Classes/Particle.h; sourceTree = "<group>"; };
		4534B6D217D05B7A00182504 /* ray.cpp */ = {isa = PBXFileReference; fileEncoding = 4; lastKnownFileType = sourcecode.cpp.cpp; name = ray.cpp; path = ../Classes/ray.cpp; sourceTree = "<group>"; };
		4534B6D317D05B7A00182504 /* ray.h */ = {isa = PBXFileReference; fileEncoding = 4; lastKnownFileType = sourcecode.c.h; name = ray.h; path = ../Classes/ray.h; sourceTree = "<group>"; };
		4534B6D417D05B7A00182504 /* ScoreRecord.cpp */ = {isa = PBXFileReference; fileEncoding = 4; lastKnownFileType = sourcecode.cpp.cpp; name = ScoreRecord.cpp; path = ../Classes/ScoreRecord.cpp; sourceTree = "<group>"; };
		4534B6D517D05B7A00182504 /* ScoreRecord.h */ = {isa = PBXFileReference; fileEncoding = 4; lastKnownFileType = sourcecode.c.h; name = ScoreRecord.h; path = ../Classes/ScoreRecord.h; sourceTree = "<group>"; };
		4534B6EA17D06B7700182504 /* Default@2x~ipad.png */ = {isa = PBXFileReference; lastKnownFileType = image.png; path = "Default@2x~ipad.png"; sourceTree = SOURCE_ROOT; };
		4534B6EB17D06B7700182504 /* Default@2x~iphone.png */ = {isa = PBXFileReference; lastKnownFileType = image.png; path = "Default@2x~iphone.png"; sourceTree = SOURCE_ROOT; };
		4534B6EC17D06B7700182504 /* Default~ipad.png */ = {isa = PBXFileReference; lastKnownFileType = image.png; path = "Default~ipad.png"; sourceTree = SOURCE_ROOT; };
		4534B6ED17D06B7700182504 /* Default~iphone.png */ = {isa = PBXFileReference; lastKnownFileType = image.png; path = "Default~iphone.png"; sourceTree = SOURCE_ROOT; };
		456505CD17FAC485007BB598 /* AdmobJNI.cpp */ = {isa = PBXFileReference; explicitFileType = sourcecode.cpp.objcpp.preprocessed; fileEncoding = 4; name = AdmobJNI.cpp; path = ../Classes/AdmobJNI.cpp; sourceTree = "<group>"; };
		456505CE17FAC485007BB598 /* AdmobJNI.h */ = {isa = PBXFileReference; fileEncoding = 4; lastKnownFileType = sourcecode.c.h; name = AdmobJNI.h; path = ../Classes/AdmobJNI.h; sourceTree = "<group>"; };
		456505DB17FAC4EF007BB598 /* MessageUI.framework */ = {isa = PBXFileReference; lastKnownFileType = wrapper.framework; name = MessageUI.framework; path = System/Library/Frameworks/MessageUI.framework; sourceTree = SDKROOT; };
		456505DD17FAC515007BB598 /* SystemConfiguration.framework */ = {isa = PBXFileReference; lastKnownFileType = wrapper.framework; name = SystemConfiguration.framework; path = System/Library/Frameworks/SystemConfiguration.framework; sourceTree = SDKROOT; };
		456505DF17FAC524007BB598 /* AdSupport.framework */ = {isa = PBXFileReference; lastKnownFileType = wrapper.framework; name = AdSupport.framework; path = System/Library/Frameworks/AdSupport.framework; sourceTree = SDKROOT; };
		456505E117FAC52D007BB598 /* StoreKit.framework */ = {isa = PBXFileReference; lastKnownFileType = wrapper.framework; name = StoreKit.framework; path = System/Library/Frameworks/StoreKit.framework; sourceTree = SDKROOT; };
		458FAC0B17FAF870009E7FF0 /* GADAdMobExtras.h */ = {isa = PBXFileReference; fileEncoding = 4; lastKnownFileType = sourcecode.c.h; path = GADAdMobExtras.h; sourceTree = SOURCE_ROOT; };
		458FAC0C17FAF870009E7FF0 /* GADAdNetworkExtras.h */ = {isa = PBXFileReference; fileEncoding = 4; lastKnownFileType = sourcecode.c.h; path = GADAdNetworkExtras.h; sourceTree = SOURCE_ROOT; };
		458FAC0D17FAF870009E7FF0 /* GADAdSize.h */ = {isa = PBXFileReference; fileEncoding = 4; lastKnownFileType = sourcecode.c.h; path = GADAdSize.h; sourceTree = SOURCE_ROOT; };
		458FAC0E17FAF870009E7FF0 /* GADBannerView.h */ = {isa = PBXFileReference; fileEncoding = 4; lastKnownFileType = sourcecode.c.h; path = GADBannerView.h; sourceTree = SOURCE_ROOT; };
		458FAC0F17FAF870009E7FF0 /* GADBannerViewDelegate.h */ = {isa = PBXFileReference; fileEncoding = 4; lastKnownFileType = sourcecode.c.h; path = GADBannerViewDelegate.h; sourceTree = SOURCE_ROOT; };
		458FAC1017FAF870009E7FF0 /* GADInterstitial.h */ = {isa = PBXFileReference; fileEncoding = 4; lastKnownFileType = sourcecode.c.h; path = GADInterstitial.h; sourceTree = SOURCE_ROOT; };
		458FAC1117FAF870009E7FF0 /* GADInterstitialDelegate.h */ = {isa = PBXFileReference; fileEncoding = 4; lastKnownFileType = sourcecode.c.h; path = GADInterstitialDelegate.h; sourceTree = SOURCE_ROOT; };
		458FAC1217FAF870009E7FF0 /* GADRequest.h */ = {isa = PBXFileReference; fileEncoding = 4; lastKnownFileType = sourcecode.c.h; path = GADRequest.h; sourceTree = SOURCE_ROOT; };
		458FAC1317FAF870009E7FF0 /* GADRequestError.h */ = {isa = PBXFileReference; fileEncoding = 4; lastKnownFileType = sourcecode.c.h; path = GADRequestError.h; sourceTree = SOURCE_ROOT; };
		458FAC1417FAF870009E7FF0 /* libGoogleAdMobAds.a */ = {isa = PBXFileReference; lastKnownFileType = archive.ar; path = libGoogleAdMobAds.a; sourceTree = SOURCE_ROOT; };
		45F3BB8617D0DA1100EB40A0 /* iphone3 */ = {isa = PBXFileReference; lastKnownFileType = folder; path = iphone3; sourceTree = "<group>"; };
		45F3BB9317D0DA4B00EB40A0 /* iphone5 */ = {isa = PBXFileReference; lastKnownFileType = folder; path = iphone5; sourceTree = "<group>"; };
		BF170DB012928DE900B8313A /* OpenGLES.framework */ = {isa = PBXFileReference; lastKnownFileType = wrapper.framework; name = OpenGLES.framework; path = System/Library/Frameworks/OpenGLES.framework; sourceTree = SDKROOT; };
		BF170DB412928DE900B8313A /* libz.dylib */ = {isa = PBXFileReference; lastKnownFileType = "compiled.mach-o.dylib"; name = libz.dylib; path = usr/lib/libz.dylib; sourceTree = SDKROOT; };
		BF1C47EA1293683800B63C5D /* QuartzCore.framework */ = {isa = PBXFileReference; lastKnownFileType = wrapper.framework; name = QuartzCore.framework; path = System/Library/Frameworks/QuartzCore.framework; sourceTree = SDKROOT; };
		D41A0AD0160F154A004552AE /* Default-568h@2x.png */ = {isa = PBXFileReference; lastKnownFileType = image.png; name = "Default-568h@2x.png"; path = "../proj.ios/Default-568h@2x.png"; sourceTree = "<group>"; };
		D44C620B132DFF330009C878 /* OpenAL.framework */ = {isa = PBXFileReference; lastKnownFileType = wrapper.framework; name = OpenAL.framework; path = System/Library/Frameworks/OpenAL.framework; sourceTree = SDKROOT; };
		D44C620D132DFF430009C878 /* AVFoundation.framework */ = {isa = PBXFileReference; lastKnownFileType = wrapper.framework; name = AVFoundation.framework; path = System/Library/Frameworks/AVFoundation.framework; sourceTree = SDKROOT; };
		D44C620F132DFF4E0009C878 /* AudioToolbox.framework */ = {isa = PBXFileReference; lastKnownFileType = wrapper.framework; name = AudioToolbox.framework; path = System/Library/Frameworks/AudioToolbox.framework; sourceTree = SDKROOT; };
		D4EF949915BD2D8B00D803EB /* Icon.png */ = {isa = PBXFileReference; lastKnownFileType = image.png; name = Icon.png; path = ../proj.ios/Icon.png; sourceTree = "<group>"; };
		D4EF949B15BD2D8E00D803EB /* Icon@2x.png */ = {isa = PBXFileReference; lastKnownFileType = image.png; name = "Icon@2x.png"; path = "../proj.ios/Icon@2x.png"; sourceTree = "<group>"; };
		D4EF949D15BD2D9600D803EB /* Icon-72.png */ = {isa = PBXFileReference; lastKnownFileType = image.png; name = "Icon-72.png"; path = "../proj.ios/Icon-72.png"; sourceTree = "<group>"; };
		D4EF949F15BD2D9800D803EB /* Icon-72@2x.png */ = {isa = PBXFileReference; lastKnownFileType = image.png; name = "Icon-72@2x.png"; path = "../proj.ios/Icon-72@2x.png"; sourceTree = "<group>"; };
		D4F9F37B12E54555005CA6D2 /* Info.plist */ = {isa = PBXFileReference; fileEncoding = 4; lastKnownFileType = text.plist.xml; path = Info.plist; sourceTree = SOURCE_ROOT; };
/* End PBXFileReference section */

/* Begin PBXFrameworksBuildPhase section */
		1D60588F0D05DD3D006BFB54 /* Frameworks */ = {
			isa = PBXFrameworksBuildPhase;
			buildActionMask = 2147483647;
			files = (
				456505E217FAC52D007BB598 /* StoreKit.framework in Frameworks */,
				456505E017FAC524007BB598 /* AdSupport.framework in Frameworks */,
				456505DE17FAC515007BB598 /* SystemConfiguration.framework in Frameworks */,
				456505DC17FAC4EF007BB598 /* MessageUI.framework in Frameworks */,
				1AF4C2F417865DCB00122817 /* libbox2d iOS.a in Frameworks */,
				1AF4C2F517865DCB00122817 /* libchipmunk iOS.a in Frameworks */,
				1AF4C2F617865DCB00122817 /* libcocos2dx iOS.a in Frameworks */,
				1AF4C2F717865DCB00122817 /* libcocos2dx-extensions iOS.a in Frameworks */,
				1AF4C2F817865DCB00122817 /* libCocosDenshion iOS.a in Frameworks */,
				1D60589F0D05DD5A006BFB54 /* Foundation.framework in Frameworks */,
				1DF5F4E00D08C38300B7A737 /* UIKit.framework in Frameworks */,
				288765A50DF7441C002DB57D /* CoreGraphics.framework in Frameworks */,
				BF171245129291EC00B8313A /* OpenGLES.framework in Frameworks */,
				BF1712471292920000B8313A /* libz.dylib in Frameworks */,
				BF1C47F01293687400B63C5D /* QuartzCore.framework in Frameworks */,
				D44C620C132DFF330009C878 /* OpenAL.framework in Frameworks */,
				D44C620E132DFF430009C878 /* AVFoundation.framework in Frameworks */,
				D44C6210132DFF4E0009C878 /* AudioToolbox.framework in Frameworks */,
				458FAC1F17FAF963009E7FF0 /* libGoogleAdMobAds.a in Frameworks */,
			);
			runOnlyForDeploymentPostprocessing = 0;
		};
/* End PBXFrameworksBuildPhase section */

/* Begin PBXGroup section */
		080E96DDFE201D6D7F000001 /* ios */ = {
			isa = PBXGroup;
			children = (
				458FAC2517FB4EA1009E7FF0 /* GAD */,
				1AC3624216D4A1E8000847F2 /* AppController.h */,
				1AC3624316D4A1E8000847F2 /* AppController.mm */,
				D4F9F37B12E54555005CA6D2 /* Info.plist */,
				1AC3624516D4A1E8000847F2 /* main.m */,
				1AC3624616D4A1E8000847F2 /* Prefix.pch */,
				1AFCDA8016D4A25900906EA6 /* RootViewController.h */,
				1AFCDA8116D4A25900906EA6 /* RootViewController.mm */,
			);
			name = ios;
			path = Classes;
			sourceTree = "<group>";
		};
		15AA9C4015B7EC450033D6C2 /* Classes */ = {
			isa = PBXGroup;
			children = (
				456505CD17FAC485007BB598 /* AdmobJNI.cpp */,
				456505CE17FAC485007BB598 /* AdmobJNI.h */,
				4534B6BE17D05B7A00182504 /* Brain.cpp */,
				4534B6BF17D05B7A00182504 /* Brain.h */,
				4534B6C017D05B7A00182504 /* Jellyfish.cpp */,
				4534B6C117D05B7A00182504 /* Jellyfish.h */,
				4534B6C217D05B7A00182504 /* MainGameScene6.cpp */,
				4534B6C317D05B7A00182504 /* MainGameScene6.h */,
				4534B6C417D05B7A00182504 /* MainGameScene7.cpp */,
				4534B6C517D05B7A00182504 /* MainGameScene7.h */,
				4534B6C617D05B7A00182504 /* MainGameScene8.cpp */,
				4534B6C717D05B7A00182504 /* MainGameScene8.h */,
				4534B6C817D05B7A00182504 /* MainGameScene9.cpp */,
				4534B6C917D05B7A00182504 /* MainGameScene9.h */,
				4534B6CA17D05B7A00182504 /* MainGameScene10.cpp */,
				4534B6CB17D05B7A00182504 /* MainGameScene10.h */,
				4534B6CC17D05B7A00182504 /* Mermaid.cpp */,
				4534B6CD17D05B7A00182504 /* Mermaid.h */,
				4534B6CE17D05B7A00182504 /* Orca.cpp */,
				4534B6CF17D05B7A00182504 /* Orca.h */,
				4534B6D017D05B7A00182504 /* Particle.cpp */,
				4534B6D117D05B7A00182504 /* Particle.h */,
				4534B6D217D05B7A00182504 /* ray.cpp */,
				4534B6D317D05B7A00182504 /* ray.h */,
				4534B6D417D05B7A00182504 /* ScoreRecord.cpp */,
				4534B6D517D05B7A00182504 /* ScoreRecord.h */,
				452F611917C8600D00A6191A /* AppMacros.h */,
				452F611A17C8600D00A6191A /* Background.cpp */,
				452F611B17C8600D00A6191A /* Background.h */,
				452F611C17C8600D00A6191A /* DiveFeet.cpp */,
				452F611D17C8600D00A6191A /* DiveFeet.h */,
				452F611E17C8600D00A6191A /* Diver.cpp */,
				452F611F17C8600D00A6191A /* Diver.h */,
				452F612017C8600D00A6191A /* Dolphin.cpp */,
				452F612117C8600D00A6191A /* Dolphin.h */,
				452F612217C8600D00A6191A /* EndGameScene.cpp */,
				452F612317C8600D00A6191A /* EndGameScene.h */,
				452F612417C8600D00A6191A /* Fever.cpp */,
				452F612517C8600D00A6191A /* Fever.h */,
				452F612617C8600D00A6191A /* GrandBlueConfig.h */,
				452F612717C8600D00A6191A /* MainGameBase.cpp */,
				452F612817C8600D00A6191A /* MainGameBase.h */,
				452F612917C8600D00A6191A /* MainGameData.cpp */,
				452F612A17C8600D00A6191A /* MainGameData.h */,
				452F612B17C8600D00A6191A /* MainGameScene.cpp */,
				452F612C17C8600D00A6191A /* MainGameScene.h */,
				452F612D17C8600D00A6191A /* MainGameScene2.cpp */,
				452F612E17C8600D00A6191A /* MainGameScene2.h */,
				452F612F17C8600D00A6191A /* MainGameScene3.cpp */,
				452F613017C8600D00A6191A /* MainGameScene3.h */,
				452F613117C8600D00A6191A /* MainGameScene4.cpp */,
				452F613217C8600D00A6191A /* MainGameScene4.h */,
				452F613317C8600D00A6191A /* MainGameScene5.cpp */,
				452F613417C8600D00A6191A /* MainGameScene5.h */,
				452F613517C8600D00A6191A /* MainTitleScene.cpp */,
				452F613617C8600D00A6191A /* MainTitleScene.h */,
				452F613717C8600D00A6191A /* MarineLife.cpp */,
				452F613817C8600D00A6191A /* MarineLife.h */,
				452F613917C8600D00A6191A /* MenuLabel.cpp */,
				452F613A17C8600D00A6191A /* MenuLabel.h */,
				452F613B17C8600D00A6191A /* ProgressBar.cpp */,
				452F613C17C8600D00A6191A /* ProgressBar.h */,
				452F613D17C8600D00A6191A /* Resource.h */,
				452F613E17C8600D00A6191A /* Score.cpp */,
				452F613F17C8600D00A6191A /* Score.h */,
				452F614017C8600D00A6191A /* Seahorse.cpp */,
				452F614117C8600D00A6191A /* Seahorse.h */,
				452F614217C8600D00A6191A /* Sound.cpp */,
				452F614317C8600D00A6191A /* Sound.h */,
				452F614417C8600D00A6191A /* SpriteRepeater.cpp */,
				452F614517C8600D00A6191A /* SpriteRepeater.h */,
				452F614617C8600D00A6191A /* Squid.cpp */,
				452F614717C8600D00A6191A /* Squid.h */,
				452F614817C8600D00A6191A /* Starfish.cpp */,
				452F614917C8600D00A6191A /* Starfish.h */,
				452F614A17C8600D00A6191A /* Tags.h */,
				452F614B17C8600D00A6191A /* Turtle.cpp */,
				452F614C17C8600D00A6191A /* Turtle.h */,
				452F614D17C8600D00A6191A /* UtilFunc.cpp */,
				452F614E17C8600D00A6191A /* UtilFunc.h */,
				1AFAF8B316D35DE700DB1158 /* AppDelegate.cpp */,
				1AFAF8B416D35DE700DB1158 /* AppDelegate.h */,
				1AFAF8B516D35DE700DB1158 /* HelloWorldScene.cpp */,
				1AFAF8B616D35DE700DB1158 /* HelloWorldScene.h */,
			);
			name = Classes;
			path = ../classes;
			sourceTree = "<group>";
		};
		19C28FACFE9D520D11CA2CBB /* Products */ = {
			isa = PBXGroup;
			children = (
				1D6058910D05DD3D006BFB54 /* Grandblue.app */,
			);
			name = Products;
			sourceTree = "<group>";
		};
		1AF4C2BC17865D9500122817 /* Products */ = {
			isa = PBXGroup;
			children = (
				1AF4C2CF17865D9500122817 /* libcocos2dx Mac.a */,
				1AF4C2D117865D9500122817 /* libcocos2dx-extensions Mac.a */,
				1AF4C2D317865D9500122817 /* libchipmunk Mac.a */,
				1AF4C2D517865D9500122817 /* libbox2d Mac.a */,
				1AF4C2D717865D9500122817 /* libCocosDenshion Mac.a */,
				1AF4C2D917865D9500122817 /* libjsbindings Mac.a */,
				1AF4C2DB17865D9500122817 /* libluabindings Mac.a */,
				1AF4C2DD17865D9500122817 /* libcocos2dx iOS.a */,
				1AF4C2DF17865D9500122817 /* libcocos2dx-extensions iOS.a */,
				1AF4C2E117865D9500122817 /* libchipmunk iOS.a */,
				1AF4C2E317865D9500122817 /* libbox2d iOS.a */,
				1AF4C2E517865D9500122817 /* libCocosDenshion iOS.a */,
				1AF4C2E717865D9500122817 /* libjsbindings iOS.a */,
				1AF4C2E917865D9500122817 /* libluabindings iOS.a */,
			);
			name = Products;
			sourceTree = "<group>";
		};
		29B97314FDCFA39411CA2CEA /* CustomTemplate */ = {
			isa = PBXGroup;
			children = (
				1AF4C2BB17865D9500122817 /* cocos2d_libs.xcodeproj */,
				15AA9C4015B7EC450033D6C2 /* Classes */,
				29B97323FDCFA39411CA2CEA /* Frameworks */,
				080E96DDFE201D6D7F000001 /* ios */,
				19C28FACFE9D520D11CA2CBB /* Products */,
				78C7DDAA14EBA5050085D0C2 /* Resources */,
			);
			name = CustomTemplate;
			sourceTree = "<group>";
		};
		29B97323FDCFA39411CA2CEA /* Frameworks */ = {
			isa = PBXGroup;
			children = (
				456505E117FAC52D007BB598 /* StoreKit.framework */,
				456505DF17FAC524007BB598 /* AdSupport.framework */,
				456505DD17FAC515007BB598 /* SystemConfiguration.framework */,
				456505DB17FAC4EF007BB598 /* MessageUI.framework */,
				BF170DB412928DE900B8313A /* libz.dylib */,
				D44C620F132DFF4E0009C878 /* AudioToolbox.framework */,
				D44C620D132DFF430009C878 /* AVFoundation.framework */,
				288765A40DF7441C002DB57D /* CoreGraphics.framework */,
				1D30AB110D05D00D00671497 /* Foundation.framework */,
				D44C620B132DFF330009C878 /* OpenAL.framework */,
				BF170DB012928DE900B8313A /* OpenGLES.framework */,
				BF1C47EA1293683800B63C5D /* QuartzCore.framework */,
				1DF5F4DF0D08C38300B7A737 /* UIKit.framework */,
			);
			name = Frameworks;
			sourceTree = "<group>";
		};
		458FAC2517FB4EA1009E7FF0 /* GAD */ = {
			isa = PBXGroup;
			children = (
				458FAC0B17FAF870009E7FF0 /* GADAdMobExtras.h */,
				458FAC0C17FAF870009E7FF0 /* GADAdNetworkExtras.h */,
				458FAC0D17FAF870009E7FF0 /* GADAdSize.h */,
				458FAC0E17FAF870009E7FF0 /* GADBannerView.h */,
				458FAC0F17FAF870009E7FF0 /* GADBannerViewDelegate.h */,
				458FAC1017FAF870009E7FF0 /* GADInterstitial.h */,
				458FAC1117FAF870009E7FF0 /* GADInterstitialDelegate.h */,
				458FAC1217FAF870009E7FF0 /* GADRequest.h */,
				458FAC1317FAF870009E7FF0 /* GADRequestError.h */,
				458FAC1417FAF870009E7FF0 /* libGoogleAdMobAds.a */,
			);
			name = GAD;
			sourceTree = "<group>";
		};
		78C7DDAA14EBA5050085D0C2 /* Resources */ = {
			isa = PBXGroup;
			children = (
				45F3BB9317D0DA4B00EB40A0 /* iphone5 */,
				45F3BB8617D0DA1100EB40A0 /* iphone3 */,
				4534B6EA17D06B7700182504 /* Default@2x~ipad.png */,
				4534B6EB17D06B7700182504 /* Default@2x~iphone.png */,
				4534B6EC17D06B7700182504 /* Default~ipad.png */,
				4534B6ED17D06B7700182504 /* Default~iphone.png */,
				4534B6AF17D05B2000182504 /* particles */,
				452F610417C85FAF00A6191A /* fonts */,
				452F610517C85FAF00A6191A /* ipad */,
				452F610617C85FAF00A6191A /* ipadhd */,
				452F610717C85FAF00A6191A /* iphone */,
				452F610817C85FAF00A6191A /* sound */,
				D41A0AD0160F154A004552AE /* Default-568h@2x.png */,
				D4EF949B15BD2D8E00D803EB /* Icon@2x.png */,
				D4EF949F15BD2D9800D803EB /* Icon-72@2x.png */,
				D4EF949915BD2D8B00D803EB /* Icon.png */,
				D4EF949D15BD2D9600D803EB /* Icon-72.png */,
			);
			name = Resources;
			path = ../Resources;
			sourceTree = "<group>";
		};
/* End PBXGroup section */

/* Begin PBXNativeTarget section */
		1D6058900D05DD3D006BFB54 /* Grandblue */ = {
			isa = PBXNativeTarget;
			buildConfigurationList = 1D6058960D05DD3E006BFB54 /* Build configuration list for PBXNativeTarget "Grandblue" */;
			buildPhases = (
				1D60588D0D05DD3D006BFB54 /* Resources */,
				1D60588E0D05DD3D006BFB54 /* Sources */,
				1D60588F0D05DD3D006BFB54 /* Frameworks */,
			);
			buildRules = (
			);
			dependencies = (
				1AF4C2EB17865DB400122817 /* PBXTargetDependency */,
				1AF4C2ED17865DB400122817 /* PBXTargetDependency */,
				1AF4C2EF17865DB400122817 /* PBXTargetDependency */,
				1AF4C2F117865DB400122817 /* PBXTargetDependency */,
				1AF4C2F317865DB400122817 /* PBXTargetDependency */,
			);
			name = Grandblue;
			productName = iphone;
			productReference = 1D6058910D05DD3D006BFB54 /* Grandblue.app */;
			productType = "com.apple.product-type.application";
		};
/* End PBXNativeTarget section */

/* Begin PBXProject section */
		29B97313FDCFA39411CA2CEA /* Project object */ = {
			isa = PBXProject;
			attributes = {
				LastUpgradeCheck = 0500;
				TargetAttributes = {
					1D6058900D05DD3D006BFB54 = {
						DevelopmentTeam = GD5J38UGQ4;
					};
				};
			};
			buildConfigurationList = C01FCF4E08A954540054247B /* Build configuration list for PBXProject "Grandblue" */;
			compatibilityVersion = "Xcode 3.2";
			developmentRegion = English;
			hasScannedForEncodings = 1;
			knownRegions = (
				English,
				Japanese,
				French,
				German,
			);
			mainGroup = 29B97314FDCFA39411CA2CEA /* CustomTemplate */;
			projectDirPath = "";
			projectReferences = (
				{
					ProductGroup = 1AF4C2BC17865D9500122817 /* Products */;
					ProjectRef = 1AF4C2BB17865D9500122817 /* cocos2d_libs.xcodeproj */;
				},
			);
			projectRoot = "";
			targets = (
				1D6058900D05DD3D006BFB54 /* Grandblue */,
			);
		};
/* End PBXProject section */

/* Begin PBXReferenceProxy section */
		1AF4C2CF17865D9500122817 /* libcocos2dx Mac.a */ = {
			isa = PBXReferenceProxy;
			fileType = archive.ar;
			path = "libcocos2dx Mac.a";
			remoteRef = 1AF4C2CE17865D9500122817 /* PBXContainerItemProxy */;
			sourceTree = BUILT_PRODUCTS_DIR;
		};
		1AF4C2D117865D9500122817 /* libcocos2dx-extensions Mac.a */ = {
			isa = PBXReferenceProxy;
			fileType = archive.ar;
			path = "libcocos2dx-extensions Mac.a";
			remoteRef = 1AF4C2D017865D9500122817 /* PBXContainerItemProxy */;
			sourceTree = BUILT_PRODUCTS_DIR;
		};
		1AF4C2D317865D9500122817 /* libchipmunk Mac.a */ = {
			isa = PBXReferenceProxy;
			fileType = archive.ar;
			path = "libchipmunk Mac.a";
			remoteRef = 1AF4C2D217865D9500122817 /* PBXContainerItemProxy */;
			sourceTree = BUILT_PRODUCTS_DIR;
		};
		1AF4C2D517865D9500122817 /* libbox2d Mac.a */ = {
			isa = PBXReferenceProxy;
			fileType = archive.ar;
			path = "libbox2d Mac.a";
			remoteRef = 1AF4C2D417865D9500122817 /* PBXContainerItemProxy */;
			sourceTree = BUILT_PRODUCTS_DIR;
		};
		1AF4C2D717865D9500122817 /* libCocosDenshion Mac.a */ = {
			isa = PBXReferenceProxy;
			fileType = archive.ar;
			path = "libCocosDenshion Mac.a";
			remoteRef = 1AF4C2D617865D9500122817 /* PBXContainerItemProxy */;
			sourceTree = BUILT_PRODUCTS_DIR;
		};
		1AF4C2D917865D9500122817 /* libjsbindings Mac.a */ = {
			isa = PBXReferenceProxy;
			fileType = archive.ar;
			path = "libjsbindings Mac.a";
			remoteRef = 1AF4C2D817865D9500122817 /* PBXContainerItemProxy */;
			sourceTree = BUILT_PRODUCTS_DIR;
		};
		1AF4C2DB17865D9500122817 /* libluabindings Mac.a */ = {
			isa = PBXReferenceProxy;
			fileType = archive.ar;
			path = "libluabindings Mac.a";
			remoteRef = 1AF4C2DA17865D9500122817 /* PBXContainerItemProxy */;
			sourceTree = BUILT_PRODUCTS_DIR;
		};
		1AF4C2DD17865D9500122817 /* libcocos2dx iOS.a */ = {
			isa = PBXReferenceProxy;
			fileType = archive.ar;
			path = "libcocos2dx iOS.a";
			remoteRef = 1AF4C2DC17865D9500122817 /* PBXContainerItemProxy */;
			sourceTree = BUILT_PRODUCTS_DIR;
		};
		1AF4C2DF17865D9500122817 /* libcocos2dx-extensions iOS.a */ = {
			isa = PBXReferenceProxy;
			fileType = archive.ar;
			path = "libcocos2dx-extensions iOS.a";
			remoteRef = 1AF4C2DE17865D9500122817 /* PBXContainerItemProxy */;
			sourceTree = BUILT_PRODUCTS_DIR;
		};
		1AF4C2E117865D9500122817 /* libchipmunk iOS.a */ = {
			isa = PBXReferenceProxy;
			fileType = archive.ar;
			path = "libchipmunk iOS.a";
			remoteRef = 1AF4C2E017865D9500122817 /* PBXContainerItemProxy */;
			sourceTree = BUILT_PRODUCTS_DIR;
		};
		1AF4C2E317865D9500122817 /* libbox2d iOS.a */ = {
			isa = PBXReferenceProxy;
			fileType = archive.ar;
			path = "libbox2d iOS.a";
			remoteRef = 1AF4C2E217865D9500122817 /* PBXContainerItemProxy */;
			sourceTree = BUILT_PRODUCTS_DIR;
		};
		1AF4C2E517865D9500122817 /* libCocosDenshion iOS.a */ = {
			isa = PBXReferenceProxy;
			fileType = archive.ar;
			path = "libCocosDenshion iOS.a";
			remoteRef = 1AF4C2E417865D9500122817 /* PBXContainerItemProxy */;
			sourceTree = BUILT_PRODUCTS_DIR;
		};
		1AF4C2E717865D9500122817 /* libjsbindings iOS.a */ = {
			isa = PBXReferenceProxy;
			fileType = archive.ar;
			path = "libjsbindings iOS.a";
			remoteRef = 1AF4C2E617865D9500122817 /* PBXContainerItemProxy */;
			sourceTree = BUILT_PRODUCTS_DIR;
		};
		1AF4C2E917865D9500122817 /* libluabindings iOS.a */ = {
			isa = PBXReferenceProxy;
			fileType = archive.ar;
			path = "libluabindings iOS.a";
			remoteRef = 1AF4C2E817865D9500122817 /* PBXContainerItemProxy */;
			sourceTree = BUILT_PRODUCTS_DIR;
		};
/* End PBXReferenceProxy section */

/* Begin PBXResourcesBuildPhase section */
		1D60588D0D05DD3D006BFB54 /* Resources */ = {
			isa = PBXResourcesBuildPhase;
			buildActionMask = 2147483647;
			files = (
				D4EF949A15BD2D8B00D803EB /* Icon.png in Resources */,
				D4EF949C15BD2D8E00D803EB /* Icon@2x.png in Resources */,
				D4EF949E15BD2D9600D803EB /* Icon-72.png in Resources */,
				D4EF94A015BD2D9800D803EB /* Icon-72@2x.png in Resources */,
				D41A0AD1160F154A004552AE /* Default-568h@2x.png in Resources */,
				452F610917C85FAF00A6191A /* fonts in Resources */,
				452F610A17C85FAF00A6191A /* ipad in Resources */,
				452F610B17C85FAF00A6191A /* ipadhd in Resources */,
				452F610C17C85FAF00A6191A /* iphone in Resources */,
				452F610D17C85FAF00A6191A /* sound in Resources */,
				4534B6B017D05B2000182504 /* particles in Resources */,
				4534B6EE17D06B7700182504 /* Default@2x~ipad.png in Resources */,
				4534B6EF17D06B7700182504 /* Default@2x~iphone.png in Resources */,
				4534B6F017D06B7700182504 /* Default~ipad.png in Resources */,
				4534B6F117D06B7700182504 /* Default~iphone.png in Resources */,
				45F3BB8717D0DA1100EB40A0 /* iphone3 in Resources */,
				45F3BB9417D0DA4B00EB40A0 /* iphone5 in Resources */,
			);
			runOnlyForDeploymentPostprocessing = 0;
		};
/* End PBXResourcesBuildPhase section */

/* Begin PBXSourcesBuildPhase section */
		1D60588E0D05DD3D006BFB54 /* Sources */ = {
			isa = PBXSourcesBuildPhase;
			buildActionMask = 2147483647;
			files = (
				458FAC1617FAF8CE009E7FF0 /* GADAdMobExtras.h in Sources */,
				458FAC1717FAF8CE009E7FF0 /* GADAdNetworkExtras.h in Sources */,
				458FAC1817FAF8CE009E7FF0 /* GADAdSize.h in Sources */,
				458FAC1917FAF8CE009E7FF0 /* GADBannerView.h in Sources */,
				458FAC1A17FAF8CE009E7FF0 /* GADBannerViewDelegate.h in Sources */,
				458FAC1B17FAF8CE009E7FF0 /* GADInterstitial.h in Sources */,
				458FAC1C17FAF8CE009E7FF0 /* GADInterstitialDelegate.h in Sources */,
				458FAC1D17FAF8CE009E7FF0 /* GADRequest.h in Sources */,
				458FAC1E17FAF8CE009E7FF0 /* GADRequestError.h in Sources */,
				4565060317FAF3D6007BB598 /* AdmobJNI.h in Sources */,
				1AFAF8B716D35DE700DB1158 /* AppDelegate.cpp in Sources */,
				1AFAF8B816D35DE700DB1158 /* HelloWorldScene.cpp in Sources */,
				1AC3624916D4A1E8000847F2 /* AppController.mm in Sources */,
				1AC3624B16D4A1E8000847F2 /* main.m in Sources */,
				1AFCDA8216D4A25900906EA6 /* RootViewController.mm in Sources */,
				452F614F17C8600D00A6191A /* Background.cpp in Sources */,
				452F615017C8600D00A6191A /* DiveFeet.cpp in Sources */,
				452F615117C8600D00A6191A /* Diver.cpp in Sources */,
				452F615217C8600D00A6191A /* Dolphin.cpp in Sources */,
				452F615317C8600D00A6191A /* EndGameScene.cpp in Sources */,
				452F615417C8600D00A6191A /* Fever.cpp in Sources */,
				452F615517C8600D00A6191A /* MainGameBase.cpp in Sources */,
				452F615617C8600D00A6191A /* MainGameData.cpp in Sources */,
				452F615717C8600D00A6191A /* MainGameScene.cpp in Sources */,
				452F615817C8600D00A6191A /* MainGameScene2.cpp in Sources */,
				452F615917C8600D00A6191A /* MainGameScene3.cpp in Sources */,
				452F615A17C8600D00A6191A /* MainGameScene4.cpp in Sources */,
				452F615B17C8600D00A6191A /* MainGameScene5.cpp in Sources */,
				452F615C17C8600D00A6191A /* MainTitleScene.cpp in Sources */,
				452F615D17C8600D00A6191A /* MarineLife.cpp in Sources */,
				452F615E17C8600D00A6191A /* MenuLabel.cpp in Sources */,
				452F615F17C8600D00A6191A /* ProgressBar.cpp in Sources */,
				452F616017C8600D00A6191A /* Score.cpp in Sources */,
				452F616117C8600D00A6191A /* Seahorse.cpp in Sources */,
				452F616217C8600D00A6191A /* Sound.cpp in Sources */,
				452F616317C8600D00A6191A /* SpriteRepeater.cpp in Sources */,
				452F616417C8600D00A6191A /* Squid.cpp in Sources */,
				452F616517C8600D00A6191A /* Starfish.cpp in Sources */,
				452F616617C8600D00A6191A /* Turtle.cpp in Sources */,
				452F616717C8600D00A6191A /* UtilFunc.cpp in Sources */,
				4534B6D617D05B7A00182504 /* Brain.cpp in Sources */,
				4534B6D717D05B7A00182504 /* Jellyfish.cpp in Sources */,
				4534B6D817D05B7A00182504 /* MainGameScene6.cpp in Sources */,
				4534B6D917D05B7A00182504 /* MainGameScene7.cpp in Sources */,
				4534B6DA17D05B7A00182504 /* MainGameScene8.cpp in Sources */,
				4534B6DB17D05B7A00182504 /* MainGameScene9.cpp in Sources */,
				4534B6DC17D05B7A00182504 /* MainGameScene10.cpp in Sources */,
				4534B6DD17D05B7A00182504 /* Mermaid.cpp in Sources */,
				4534B6DE17D05B7A00182504 /* Orca.cpp in Sources */,
				4534B6DF17D05B7A00182504 /* Particle.cpp in Sources */,
				456505CF17FAC485007BB598 /* AdmobJNI.cpp in Sources */,
				4534B6E017D05B7A00182504 /* ray.cpp in Sources */,
				4534B6E117D05B7A00182504 /* ScoreRecord.cpp in Sources */,
			);
			runOnlyForDeploymentPostprocessing = 0;
		};
/* End PBXSourcesBuildPhase section */

/* Begin PBXTargetDependency section */
		1AF4C2EB17865DB400122817 /* PBXTargetDependency */ = {
			isa = PBXTargetDependency;
			name = "cocos2dx iOS";
			targetProxy = 1AF4C2EA17865DB400122817 /* PBXContainerItemProxy */;
		};
		1AF4C2ED17865DB400122817 /* PBXTargetDependency */ = {
			isa = PBXTargetDependency;
			name = "cocos2dx-extensions iOS";
			targetProxy = 1AF4C2EC17865DB400122817 /* PBXContainerItemProxy */;
		};
		1AF4C2EF17865DB400122817 /* PBXTargetDependency */ = {
			isa = PBXTargetDependency;
			name = "chipmunk iOS";
			targetProxy = 1AF4C2EE17865DB400122817 /* PBXContainerItemProxy */;
		};
		1AF4C2F117865DB400122817 /* PBXTargetDependency */ = {
			isa = PBXTargetDependency;
			name = "box2d iOS";
			targetProxy = 1AF4C2F017865DB400122817 /* PBXContainerItemProxy */;
		};
		1AF4C2F317865DB400122817 /* PBXTargetDependency */ = {
			isa = PBXTargetDependency;
			name = "CocosDenshion iOS";
			targetProxy = 1AF4C2F217865DB400122817 /* PBXContainerItemProxy */;
		};
/* End PBXTargetDependency section */

/* Begin XCBuildConfiguration section */
		1D6058940D05DD3E006BFB54 /* Debug */ = {
			isa = XCBuildConfiguration;
			buildSettings = {
				ALWAYS_SEARCH_USER_PATHS = NO;
				CLANG_CXX_LANGUAGE_STANDARD = "c++0x";
				CLANG_CXX_LIBRARY = "libc++";
				CODE_SIGN_IDENTITY = "iPhone Developer";
				"CODE_SIGN_IDENTITY[sdk=iphoneos*]" = "iPhone Developer";
				COPY_PHASE_STRIP = NO;
				GCC_DYNAMIC_NO_PIC = NO;
				GCC_INLINES_ARE_PRIVATE_EXTERN = NO;
				GCC_OPTIMIZATION_LEVEL = 0;
				GCC_PRECOMPILE_PREFIX_HEADER = YES;
				GCC_PREFIX_HEADER = Prefix.pch;
				GCC_PREPROCESSOR_DEFINITIONS = (
					USE_FILE32API,
					CC_TARGET_OS_IPHONE,
					"COCOS2D_DEBUG=1",
					"CC_ENABLE_CHIPMUNK_INTEGRATION=1",
				);
				GCC_SYMBOLS_PRIVATE_EXTERN = NO;
				GCC_VERSION = "";
				HEADER_SEARCH_PATHS = (
					"$(SRCROOT)/../../../CocosDenshion/include",
					"\"$(SRCROOT)/../../../external/chipmunk/include/constraints\"",
					"\"$(SRCROOT)/../../../external/chipmunk/include/chipmunk\"",
					"\"$(SRCROOT)/../../../extensions\"",
					"\"$(SRCROOT)/../../../cocos2dx/kazmath/include\"",
					"\"$(SRCROOT)/../../../external\"",
					"\"$(SRCROOT)/../../../cocos2dx\"",
					"\"$(SRCROOT)/../../../cocos2dx/include\"",
					"\"$(SRCROOT)/../../../cocos2dx/platform/third_party/ios\"",
					"\"$(SRCROOT)/../../../cocos2dx/platform/ios\"",
					"\"$(SRCROOT)/../../../cocos2dx/platform/ios/Simulation\"",
				);
				INFOPLIST_FILE = Info.plist;
				IPHONEOS_DEPLOYMENT_TARGET = 5.0;
				LIBRARY_SEARCH_PATHS = (
					"\\\\\\\"$(SRCROOT)/../../../cocos2dx/platform/third_party/ios/libraries\\\\\\\"",
					"\\\\\\\"$(SRCROOT)/../../../external/libwebsockets/ios/lib\\\\\\\"",
					"/Users/tasmania/Desktop/cocos2dx/cocos2d-x-3.0alpha0-pre/projects/GrandBlue/Classes",
					"/Users/tasmania/Desktop/cocos2dx/cocos2d-x-3.0alpha0-pre/projects/GrandBlue/proj.ios",
					"/Users/tasmania/Desktop/GoogleAdMobAdsSdkiOS-6.5.1",
				);
				ONLY_ACTIVE_ARCH = YES;
				OTHER_CFLAGS = "-O2";
				OTHER_LDFLAGS = "-ObjC";
				PRODUCT_NAME = Grandblue;
				PROVISIONING_PROFILE = "";
				"PROVISIONING_PROFILE[sdk=iphoneos*]" = "";
				SDKROOT = iphoneos;
				TARGETED_DEVICE_FAMILY = "1,2";
				USER_HEADER_SEARCH_PATHS = "";
				VALID_ARCHS = "armv6 armv7 i386";
			};
			name = Debug;
		};
		1D6058950D05DD3E006BFB54 /* Release */ = {
			isa = XCBuildConfiguration;
			buildSettings = {
				ALWAYS_SEARCH_USER_PATHS = NO;
				CLANG_CXX_LANGUAGE_STANDARD = "c++0x";
				CLANG_CXX_LIBRARY = "libc++";
				CODE_SIGN_IDENTITY = "iPhone Distribution: HYEOK KIM (GD5J38UGQ4)";
				"CODE_SIGN_IDENTITY[sdk=iphoneos*]" = "iPhone Distribution";
				COPY_PHASE_STRIP = YES;
				GCC_INLINES_ARE_PRIVATE_EXTERN = NO;
				GCC_OPTIMIZATION_LEVEL = 0;
				GCC_PRECOMPILE_PREFIX_HEADER = YES;
				GCC_PREFIX_HEADER = Prefix.pch;
				GCC_PREPROCESSOR_DEFINITIONS = (
					USE_FILE32API,
					CC_TARGET_OS_IPHONE,
					"CC_ENABLE_CHIPMUNK_INTEGRATION=1",
				);
				GCC_SYMBOLS_PRIVATE_EXTERN = NO;
				GCC_VERSION = "";
				HEADER_SEARCH_PATHS = (
					"$(SRCROOT)/../../../CocosDenshion/include",
					"\"$(SRCROOT)/../../../external/chipmunk/include/constraints\"",
					"\"$(SRCROOT)/../../../external/chipmunk/include/chipmunk\"",
					"\"$(SRCROOT)/../../../extensions\"",
					"\"$(SRCROOT)/../../../cocos2dx/kazmath/include\"",
					"\"$(SRCROOT)/../../../external\"",
					"\"$(SRCROOT)/../../../cocos2dx\"",
					"\"$(SRCROOT)/../../../cocos2dx/include\"",
					"\"$(SRCROOT)/../../../cocos2dx/platform/third_party/ios\"",
					"\"$(SRCROOT)/../../../cocos2dx/platform/ios\"",
					"\"$(SRCROOT)/../../../cocos2dx/platform/ios/Simulation\"",
				);
				INFOPLIST_FILE = Info.plist;
				IPHONEOS_DEPLOYMENT_TARGET = 5.0;
				LIBRARY_SEARCH_PATHS = (
					"\\\\\\\"$(SRCROOT)/../../../cocos2dx/platform/third_party/ios/libraries\\\\\\\"",
					"\\\\\\\"$(SRCROOT)/../../../external/libwebsockets/ios/lib\\\\\\\"",
					"/Users/tasmania/Desktop/cocos2dx/cocos2d-x-3.0alpha0-pre/projects/GrandBlue/Classes",
					"/Users/tasmania/Desktop/cocos2dx/cocos2d-x-3.0alpha0-pre/projects/GrandBlue/proj.ios",
					"/Users/tasmania/Desktop/GoogleAdMobAdsSdkiOS-6.5.1",
				);
				ONLY_ACTIVE_ARCH = YES;
				OTHER_LDFLAGS = "-ObjC";
				PRODUCT_NAME = Grandblue;
				PROVISIONING_PROFILE = "F7C87A9B-749F-445A-BA6F-A718BEC1215C";
				"PROVISIONING_PROFILE[sdk=iphoneos*]" = "";
				SDKROOT = iphoneos;
				TARGETED_DEVICE_FAMILY = "1,2";
				USER_HEADER_SEARCH_PATHS = "";
				VALIDATE_PRODUCT = YES;
			};
			name = Release;
		};
		C01FCF4F08A954540054247B /* Debug */ = {
			isa = XCBuildConfiguration;
			buildSettings = {
				GCC_C_LANGUAGE_STANDARD = c99;
				GCC_VERSION = "";
				GCC_WARN_ABOUT_RETURN_TYPE = YES;
				GCC_WARN_UNUSED_VARIABLE = YES;
				ONLY_ACTIVE_ARCH = YES;
				SDKROOT = iphoneos;
				VALID_ARCHS = "armv6 armv7 i386";
			};
			name = Debug;
		};
		C01FCF5008A954540054247B /* Release */ = {
			isa = XCBuildConfiguration;
			buildSettings = {
				GCC_C_LANGUAGE_STANDARD = c99;
				GCC_VERSION = "";
				GCC_WARN_ABOUT_RETURN_TYPE = YES;
				GCC_WARN_UNUSED_VARIABLE = YES;
				OTHER_CFLAGS = "-DNS_BLOCK_ASSERTIONS=1";
				SDKROOT = iphoneos;
				VALID_ARCHS = "armv6 armv7 i386";
			};
			name = Release;
		};
/* End XCBuildConfiguration section */

/* Begin XCConfigurationList section */
		1D6058960D05DD3E006BFB54 /* Build configuration list for PBXNativeTarget "Grandblue" */ = {
			isa = XCConfigurationList;
			buildConfigurations = (
				1D6058940D05DD3E006BFB54 /* Debug */,
				1D6058950D05DD3E006BFB54 /* Release */,
			);
			defaultConfigurationIsVisible = 0;
			defaultConfigurationName = Debug;
		};
		C01FCF4E08A954540054247B /* Build configuration list for PBXProject "Grandblue" */ = {
			isa = XCConfigurationList;
			buildConfigurations = (
				C01FCF4F08A954540054247B /* Debug */,
				C01FCF5008A954540054247B /* Release */,
			);
			defaultConfigurationIsVisible = 0;
			defaultConfigurationName = Debug;
		};
/* End XCConfigurationList section */
	};
	rootObject = 29B97313FDCFA39411CA2CEA /* Project object */;
}
