<?xml version="1.0" encoding="utf-8"?>
<Project ToolsVersion="4.0" xmlns="http://schemas.microsoft.com/developer/msbuild/2003">
  <ItemGroup>
    <Filter Include="win32">
      <UniqueIdentifier>{84a8ebd7-7cf0-47f6-b75e-d441df67da40}</UniqueIdentifier>
    </Filter>
    <Filter Include="Classes">
      <UniqueIdentifier>{bb6c862e-70e9-49d9-81b7-3829a6f50471}</UniqueIdentifier>
    </Filter>
    <Filter Include="MyClass">
      <UniqueIdentifier>{64b9b674-d331-4018-a831-f9ddf574a222}</UniqueIdentifier>
    </Filter>
    <Filter Include="MyClass\Marinelife">
      <UniqueIdentifier>{1fb74f2d-d97e-46b0-9dee-cb198d57b727}</UniqueIdentifier>
    </Filter>
    <Filter Include="MyClass\MainGameScene">
      <UniqueIdentifier>{fe247bd7-502f-452f-bd58-91192e56cb66}</UniqueIdentifier>
    </Filter>
    <Filter Include="MyClass\Common">
      <UniqueIdentifier>{7e68539f-706b-40b3-96b0-98e4cca7fc93}</UniqueIdentifier>
    </Filter>
  </ItemGroup>
  <ItemGroup>
    <ClCompile Include="main.cpp">
      <Filter>win32</Filter>
    </ClCompile>
    <ClCompile Include="..\Classes\AppDelegate.cpp">
      <Filter>Classes</Filter>
    </ClCompile>
    <ClCompile Include="..\Classes\HelloWorldScene.cpp">
      <Filter>Classes</Filter>
    </ClCompile>
    <ClCompile Include="..\Classes\Background.cpp">
      <Filter>MyClass</Filter>
    </ClCompile>
    <ClCompile Include="..\Classes\Diver.cpp">
      <Filter>MyClass</Filter>
    </ClCompile>
    <ClCompile Include="..\Classes\Fever.cpp">
      <Filter>MyClass</Filter>
    </ClCompile>
    <ClCompile Include="..\Classes\MainTitleScene.cpp">
      <Filter>MyClass</Filter>
    </ClCompile>
    <ClCompile Include="..\Classes\MenuLabel.cpp">
      <Filter>MyClass</Filter>
    </ClCompile>
    <ClCompile Include="..\Classes\ProgressBar.cpp">
      <Filter>MyClass</Filter>
    </ClCompile>
    <ClCompile Include="..\Classes\Sound.cpp">
      <Filter>MyClass</Filter>
    </ClCompile>
    <ClCompile Include="..\Classes\SpriteRepeater.cpp">
      <Filter>MyClass</Filter>
    </ClCompile>
    <ClCompile Include="..\Classes\DiveFeet.cpp">
      <Filter>MyClass</Filter>
    </ClCompile>
    <ClCompile Include="..\Classes\EndGameScene.cpp">
      <Filter>MyClass</Filter>
    </ClCompile>
    <ClCompile Include="..\Classes\MainGameData.cpp">
      <Filter>MyClass</Filter>
    </ClCompile>
    <ClCompile Include="..\Classes\Dolphin.cpp">
      <Filter>MyClass\Marinelife</Filter>
    </ClCompile>
    <ClCompile Include="..\Classes\Starfish.cpp">
      <Filter>MyClass\Marinelife</Filter>
    </ClCompile>
    <ClCompile Include="..\Classes\Squid.cpp">
      <Filter>MyClass\Marinelife</Filter>
    </ClCompile>
    <ClCompile Include="..\Classes\Turtle.cpp">
      <Filter>MyClass\Marinelife</Filter>
    </ClCompile>
    <ClCompile Include="..\Classes\MarineLife.cpp">
      <Filter>MyClass\Marinelife</Filter>
    </ClCompile>
    <ClCompile Include="..\Classes\MainGameBase.cpp">
      <Filter>MyClass\MainGameScene</Filter>
    </ClCompile>
    <ClCompile Include="..\Classes\MainGameScene.cpp">
      <Filter>MyClass\MainGameScene</Filter>
    </ClCompile>
    <ClCompile Include="..\Classes\MainGameScene2.cpp">
      <Filter>MyClass\MainGameScene</Filter>
    </ClCompile>
    <ClCompile Include="..\Classes\MainGameScene3.cpp">
      <Filter>MyClass\MainGameScene</Filter>
    </ClCompile>
    <ClCompile Include="..\Classes\MainGameScene4.cpp">
      <Filter>MyClass\MainGameScene</Filter>
    </ClCompile>
    <ClCompile Include="..\Classes\UtilFunc.cpp">
      <Filter>MyClass\Common</Filter>
    </ClCompile>
    <ClCompile Include="..\Classes\Seahorse.cpp">
      <Filter>MyClass\Marinelife</Filter>
    </ClCompile>
    <ClCompile Include="..\Classes\MainGameScene5.cpp">
      <Filter>MyClass\MainGameScene</Filter>
    </ClCompile>
    <ClCompile Include="..\Classes\Score.cpp">
      <Filter>MyClass</Filter>
    </ClCompile>
    <ClCompile Include="..\Classes\Mermaid.cpp">
      <Filter>MyClass\Marinelife</Filter>
    </ClCompile>
    <ClCompile Include="..\Classes\MainGameScene6.cpp">
      <Filter>MyClass\MainGameScene</Filter>
    </ClCompile>
    <ClCompile Include="..\Classes\ray.cpp">
      <Filter>MyClass\Marinelife</Filter>
    </ClCompile>
    <ClCompile Include="..\Classes\MainGameScene7.cpp">
      <Filter>MyClass\MainGameScene</Filter>
    </ClCompile>
    <ClCompile Include="..\Classes\Jellyfish.cpp">
      <Filter>MyClass\Marinelife</Filter>
    </ClCompile>
    <ClCompile Include="..\Classes\MainGameScene8.cpp">
      <Filter>MyClass\MainGameScene</Filter>
    </ClCompile>
    <ClCompile Include="..\Classes\Orca.cpp">
      <Filter>MyClass\Marinelife</Filter>
    </ClCompile>
    <ClCompile Include="..\Classes\MainGameScene9.cpp">
      <Filter>MyClass\MainGameScene</Filter>
    </ClCompile>
    <ClCompile Include="..\Classes\Brain.cpp">
      <Filter>MyClass\Marinelife</Filter>
    </ClCompile>
    <ClCompile Include="..\Classes\MainGameScene10.cpp">
      <Filter>MyClass\MainGameScene</Filter>
    </ClCompile>
    <ClCompile Include="..\Classes\ScoreRecord.cpp">
      <Filter>MyClass</Filter>
    </ClCompile>
    <ClCompile Include="..\Classes\Particle.cpp">
      <Filter>MyClass</Filter>
    </ClCompile>
    <ClCompile Include="..\Classes\AdmobJNI.cpp">
      <Filter>MyClass</Filter>
    </ClCompile>
  </ItemGroup>
  <ItemGroup>
    <ClInclude Include="main.h">
      <Filter>win32</Filter>
    </ClInclude>
    <ClInclude Include="..\Classes\AppDelegate.h">
      <Filter>Classes</Filter>
    </ClInclude>
    <ClInclude Include="..\Classes\HelloWorldScene.h">
      <Filter>Classes</Filter>
    </ClInclude>
    <ClInclude Include="..\Classes\Background.h">
      <Filter>MyClass</Filter>
    </ClInclude>
    <ClInclude Include="..\Classes\Diver.h">
      <Filter>MyClass</Filter>
    </ClInclude>
    <ClInclude Include="..\Classes\Fever.h">
      <Filter>MyClass</Filter>
    </ClInclude>
    <ClInclude Include="..\Classes\MainTitleScene.h">
      <Filter>MyClass</Filter>
    </ClInclude>
    <ClInclude Include="..\Classes\MenuLabel.h">
      <Filter>MyClass</Filter>
    </ClInclude>
    <ClInclude Include="..\Classes\ProgressBar.h">
      <Filter>MyClass</Filter>
    </ClInclude>
    <ClInclude Include="..\Classes\Sound.h">
      <Filter>MyClass</Filter>
    </ClInclude>
    <ClInclude Include="..\Classes\SpriteRepeater.h">
      <Filter>MyClass</Filter>
    </ClInclude>
    <ClInclude Include="..\Classes\AppMacros.h">
      <Filter>Classes</Filter>
    </ClInclude>
    <ClInclude Include="..\Classes\DiveFeet.h">
      <Filter>MyClass</Filter>
    </ClInclude>
    <ClInclude Include="..\Classes\EndGameScene.h">
      <Filter>MyClass</Filter>
    </ClInclude>
    <ClInclude Include="..\Classes\MainGameData.h">
      <Filter>MyClass</Filter>
    </ClInclude>
    <ClInclude Include="..\Classes\Dolphin.h">
      <Filter>MyClass\Marinelife</Filter>
    </ClInclude>
    <ClInclude Include="..\Classes\Starfish.h">
      <Filter>MyClass\Marinelife</Filter>
    </ClInclude>
    <ClInclude Include="..\Classes\Squid.h">
      <Filter>MyClass\Marinelife</Filter>
    </ClInclude>
    <ClInclude Include="..\Classes\Turtle.h">
      <Filter>MyClass\Marinelife</Filter>
    </ClInclude>
    <ClInclude Include="..\Classes\MarineLife.h">
      <Filter>MyClass\Marinelife</Filter>
    </ClInclude>
    <ClInclude Include="..\Classes\MainGameBase.h">
      <Filter>MyClass\MainGameScene</Filter>
    </ClInclude>
    <ClInclude Include="..\Classes\MainGameScene.h">
      <Filter>MyClass\MainGameScene</Filter>
    </ClInclude>
    <ClInclude Include="..\Classes\MainGameScene2.h">
      <Filter>MyClass\MainGameScene</Filter>
    </ClInclude>
    <ClInclude Include="..\Classes\MainGameScene3.h">
      <Filter>MyClass\MainGameScene</Filter>
    </ClInclude>
    <ClInclude Include="..\Classes\MainGameScene4.h">
      <Filter>MyClass\MainGameScene</Filter>
    </ClInclude>
    <ClInclude Include="..\Classes\Tags.h">
      <Filter>MyClass\Common</Filter>
    </ClInclude>
    <ClInclude Include="..\Classes\UtilFunc.h">
      <Filter>MyClass\Common</Filter>
    </ClInclude>
    <ClInclude Include="..\Classes\GrandBlueConfig.h">
      <Filter>MyClass\Common</Filter>
    </ClInclude>
    <ClInclude Include="..\Classes\Seahorse.h">
      <Filter>MyClass\Marinelife</Filter>
    </ClInclude>
    <ClInclude Include="..\Classes\MainGameScene5.h">
      <Filter>MyClass\MainGameScene</Filter>
    </ClInclude>
    <ClInclude Include="..\Classes\Resource.h">
      <Filter>MyClass\Common</Filter>
    </ClInclude>
    <ClInclude Include="..\Classes\Score.h">
      <Filter>MyClass</Filter>
    </ClInclude>
    <ClInclude Include="..\Classes\Mermaid.h">
      <Filter>MyClass\Marinelife</Filter>
    </ClInclude>
    <ClInclude Include="..\Classes\MainGameScene6.h">
      <Filter>MyClass\MainGameScene</Filter>
    </ClInclude>
    <ClInclude Include="..\Classes\ray.h">
      <Filter>MyClass\Marinelife</Filter>
    </ClInclude>
    <ClInclude Include="..\Classes\MainGameScene7.h">
      <Filter>MyClass\MainGameScene</Filter>
    </ClInclude>
    <ClInclude Include="..\Classes\Jellyfish.h">
      <Filter>MyClass\Marinelife</Filter>
    </ClInclude>
    <ClInclude Include="..\Classes\MainGameScene8.h">
      <Filter>MyClass\MainGameScene</Filter>
    </ClInclude>
    <ClInclude Include="..\Classes\Orca.h">
      <Filter>MyClass\Marinelife</Filter>
    </ClInclude>
    <ClInclude Include="..\Classes\MainGameScene9.h">
      <Filter>MyClass\MainGameScene</Filter>
    </ClInclude>
    <ClInclude Include="..\Classes\Brain.h">
      <Filter>MyClass\Marinelife</Filter>
    </ClInclude>
    <ClInclude Include="..\Classes\MainGameScene10.h">
      <Filter>MyClass\MainGameScene</Filter>
    </ClInclude>
    <ClInclude Include="..\Classes\ScoreRecord.h">
      <Filter>MyClass</Filter>
    </ClInclude>
    <ClInclude Include="..\Classes\Particle.h">
      <Filter>MyClass</Filter>
    </ClInclude>
    <ClInclude Include="..\Classes\AdmobJNI.h">
      <Filter>MyClass</Filter>
    </ClInclude>
  </ItemGroup>
  <ItemGroup>
    <None Include="ClassDiagram.cd" />
    <None Include="ClassDiagram1.cd" />
  </ItemGroup>
</Project>